// !$*UTF8*$!
{
	archiveVersion = 1;
	classes = {
	};
	objectVersion = 56;
	objects = {

/* Begin PBXBuildFile section */
		871D873B2CB8E5440050858A /* RoomServiceServerTests.swift in Sources */ = {isa = PBXBuildFile; fileRef = 871D873A2CB8E5440050858A /* RoomServiceServerTests.swift */; };
		871D873D2CB8F0560050858A /* MemberResponse.swift in Sources */ = {isa = PBXBuildFile; fileRef = 871D873C2CB8F0560050858A /* MemberResponse.swift */; };
		871D87412CBCF62F0050858A /* DateExtensionTests.swift in Sources */ = {isa = PBXBuildFile; fileRef = 871D87402CBCF62F0050858A /* DateExtensionTests.swift */; };
		871D87432CBCFE0E0050858A /* RoomDetailEntityTests.swift in Sources */ = {isa = PBXBuildFile; fileRef = 871D87422CBCFE0E0050858A /* RoomDetailEntityTests.swift */; };
		871D87462CBCFF7F0050858A /* RoomStateFactoryTests.swift in Sources */ = {isa = PBXBuildFile; fileRef = 871D87452CBCFF7F0050858A /* RoomStateFactoryTests.swift */; };
		871D87482CBD05C40050858A /* RoomStateFactory.swift in Sources */ = {isa = PBXBuildFile; fileRef = 871D87472CBD05C40050858A /* RoomStateFactory.swift */; };
		874017A42CA1AB610096E847 /* RoomDetailDTO.swift in Sources */ = {isa = PBXBuildFile; fileRef = 874017A32CA1AB610096E847 /* RoomDetailDTO.swift */; };
		874017A62CA1ABBE0096E847 /* UserResponse.swift in Sources */ = {isa = PBXBuildFile; fileRef = 874017A52CA1ABBE0096E847 /* UserResponse.swift */; };
		874017A82CA1AC010096E847 /* MissionDTO.swift in Sources */ = {isa = PBXBuildFile; fileRef = 874017A72CA1AC010096E847 /* MissionDTO.swift */; };
		874017AA2CA1B2FC0096E847 /* RoomDetail.swift in Sources */ = {isa = PBXBuildFile; fileRef = 874017A92CA1B2FC0096E847 /* RoomDetail.swift */; };
		874017AC2CA1B3040096E847 /* RoomState.swift in Sources */ = {isa = PBXBuildFile; fileRef = 874017AB2CA1B3040096E847 /* RoomState.swift */; };
		874017AE2CA29C690096E847 /* MyPageView.swift in Sources */ = {isa = PBXBuildFile; fileRef = 874017AD2CA29C690096E847 /* MyPageView.swift */; };
		874017B02CA29C820096E847 /* MyPageViewModel.swift in Sources */ = {isa = PBXBuildFile; fileRef = 874017AF2CA29C820096E847 /* MyPageViewModel.swift */; };
		874017B32CA29FEF0096E847 /* MyPageItem.swift in Sources */ = {isa = PBXBuildFile; fileRef = 874017B22CA29FEF0096E847 /* MyPageItem.swift */; };
		874017B52CA2A68A0096E847 /* EditUsernameView.swift in Sources */ = {isa = PBXBuildFile; fileRef = 874017B42CA2A68A0096E847 /* EditUsernameView.swift */; };
		874017B72CA2A9F30096E847 /* EditUsernameViewModel.swift in Sources */ = {isa = PBXBuildFile; fileRef = 874017B62CA2A9F30096E847 /* EditUsernameViewModel.swift */; };
		874017B92CA2B0020096E847 /* User.swift in Sources */ = {isa = PBXBuildFile; fileRef = 874017B82CA2B0020096E847 /* User.swift */; };
		874017BB2CA2B64E0096E847 /* SMWebView.swift in Sources */ = {isa = PBXBuildFile; fileRef = 874017BA2CA2B64E0096E847 /* SMWebView.swift */; };
		874017C72CA6B4CD0096E847 /* View+.swift in Sources */ = {isa = PBXBuildFile; fileRef = 874017C62CA6B4CD0096E847 /* View+.swift */; };
		874017CB2CA7E6970096E847 /* SMPasteBoard.swift in Sources */ = {isa = PBXBuildFile; fileRef = 874017CA2CA7E6970096E847 /* SMPasteBoard.swift */; };
		874017CD2CA7EC7A0096E847 /* EditRoomViewType.swift in Sources */ = {isa = PBXBuildFile; fileRef = 874017CC2CA7EC7A0096E847 /* EditRoomViewType.swift */; };
		874296212D7437D8001531AA /* AmplitudeSwift in Frameworks */ = {isa = PBXBuildFile; productRef = 874296202D7437D8001531AA /* AmplitudeSwift */; };
		8742BCFE2CFB0C16009D258A /* FinishViewModelTests.swift in Sources */ = {isa = PBXBuildFile; fileRef = 8742BCFD2CFB0C16009D258A /* FinishViewModelTests.swift */; };
		8779D8182CB8CDBD00B61DEA /* Member.swift in Sources */ = {isa = PBXBuildFile; fileRef = 8779D8172CB8CDBD00B61DEA /* Member.swift */; };
		877CA0712C8AB3DE00D23193 /* LoadingView.swift in Sources */ = {isa = PBXBuildFile; fileRef = 877CA0702C8AB3DE00D23193 /* LoadingView.swift */; };
		877CA0732C8C4C5C00D23193 /* SMView.swift in Sources */ = {isa = PBXBuildFile; fileRef = 877CA0722C8C4C5C00D23193 /* SMView.swift */; };
		877CA0752C8C4F4800D23193 /* Pretendard-Bold.otf in Resources */ = {isa = PBXBuildFile; fileRef = 877CA0742C8C4F4800D23193 /* Pretendard-Bold.otf */; };
		877CA0772C8C4F5500D23193 /* Pretendard-Medium.otf in Resources */ = {isa = PBXBuildFile; fileRef = 877CA0762C8C4F5500D23193 /* Pretendard-Medium.otf */; };
		877CA0792C8C4F5D00D23193 /* Pretendard-Regular.otf in Resources */ = {isa = PBXBuildFile; fileRef = 877CA0782C8C4F5D00D23193 /* Pretendard-Regular.otf */; };
		877CA07B2C8C4F6400D23193 /* Pretendard-SemiBold.otf in Resources */ = {isa = PBXBuildFile; fileRef = 877CA07A2C8C4F6400D23193 /* Pretendard-SemiBold.otf */; };
		877CA07F2C8C50DC00D23193 /* Corner.swift in Sources */ = {isa = PBXBuildFile; fileRef = 877CA07E2C8C50DC00D23193 /* Corner.swift */; };
		877CA0812C8C555D00D23193 /* SMScrollView.swift in Sources */ = {isa = PBXBuildFile; fileRef = 877CA0802C8C555C00D23193 /* SMScrollView.swift */; };
		877CA0832C8CA75C00D23193 /* SMAlertView.swift in Sources */ = {isa = PBXBuildFile; fileRef = 877CA0822C8CA75C00D23193 /* SMAlertView.swift */; };
		877CA0892C8CB61100D23193 /* DSKitDemoView.swift in Sources */ = {isa = PBXBuildFile; fileRef = 877CA0882C8CB61100D23193 /* DSKitDemoView.swift */; };
		877CA0A22C94304B00D23193 /* SplashView.swift in Sources */ = {isa = PBXBuildFile; fileRef = 877CA0A12C94304B00D23193 /* SplashView.swift */; };
		877CA0A42C94305200D23193 /* SplashViewModel.swift in Sources */ = {isa = PBXBuildFile; fileRef = 877CA0A32C94305200D23193 /* SplashViewModel.swift */; };
		877CA0A62C94305A00D23193 /* CancelBag.swift in Sources */ = {isa = PBXBuildFile; fileRef = 877CA0A52C94305A00D23193 /* CancelBag.swift */; };
		877D51FD2D743BCF00FE8317 /* FirebaseCore in Frameworks */ = {isa = PBXBuildFile; productRef = 877D51FC2D743BCF00FE8317 /* FirebaseCore */; };
		877D51FF2D743BCF00FE8317 /* FirebaseRemoteConfig in Frameworks */ = {isa = PBXBuildFile; productRef = 877D51FE2D743BCF00FE8317 /* FirebaseRemoteConfig */; };
		877EA2322C889DCB0073FFBD /* ButtonStyles.swift in Sources */ = {isa = PBXBuildFile; fileRef = 877EA2312C889DCB0073FFBD /* ButtonStyles.swift */; };
		877EA2392C88AA8A0073FFBD /* OnboardingView.swift in Sources */ = {isa = PBXBuildFile; fileRef = 877EA2382C88AA8A0073FFBD /* OnboardingView.swift */; };
		877EA23B2C88AAC10073FFBD /* DIContainer.swift in Sources */ = {isa = PBXBuildFile; fileRef = 877EA23A2C88AAC10073FFBD /* DIContainer.swift */; };
		877EA23D2C88AB8D0073FFBD /* UserService.swift in Sources */ = {isa = PBXBuildFile; fileRef = 877EA23C2C88AB8D0073FFBD /* UserService.swift */; };
		877EA23F2C88AB930073FFBD /* AuthService.swift in Sources */ = {isa = PBXBuildFile; fileRef = 877EA23E2C88AB930073FFBD /* AuthService.swift */; };
		877EA2412C88ABA00073FFBD /* PushNotificationService.swift in Sources */ = {isa = PBXBuildFile; fileRef = 877EA2402C88ABA00073FFBD /* PushNotificationService.swift */; };
		87873BC52CAC1C0300E368BF /* RemoteConfigService.swift in Sources */ = {isa = PBXBuildFile; fileRef = 87873BC42CAC1C0300E368BF /* RemoteConfigService.swift */; };
		87873BC72CAC1EFA00E368BF /* GoogleService-Info.plist in Resources */ = {isa = PBXBuildFile; fileRef = 87873BC62CAC1EFA00E368BF /* GoogleService-Info.plist */; };
		87873BD22CAC211E00E368BF /* FirebaseRemoteConfigTests.swift in Sources */ = {isa = PBXBuildFile; fileRef = 87873BD12CAC211E00E368BF /* FirebaseRemoteConfigTests.swift */; };
		87873BDC2CAC29E900E368BF /* AppDelegate.swift in Sources */ = {isa = PBXBuildFile; fileRef = 87873BDB2CAC29E900E368BF /* AppDelegate.swift */; };
		87873BDF2CAC2EA200E368BF /* TestView.swift in Sources */ = {isa = PBXBuildFile; fileRef = 87873BDE2CAC2EA200E368BF /* TestView.swift */; };
		87873BE12CAFF29600E368BF /* AppService.swift in Sources */ = {isa = PBXBuildFile; fileRef = 87873BE02CAFF29600E368BF /* AppService.swift */; };
		87873BE42CAFF2E200E368BF /* Version.swift in Sources */ = {isa = PBXBuildFile; fileRef = 87873BE32CAFF2E200E368BF /* Version.swift */; };
		87873BE72CAFF63800E368BF /* VersionEntityTests.swift in Sources */ = {isa = PBXBuildFile; fileRef = 87873BE62CAFF63800E368BF /* VersionEntityTests.swift */; };
		87873BE92CB00BFF00E368BF /* AppServiceTests.swift in Sources */ = {isa = PBXBuildFile; fileRef = 87873BE82CB00BFF00E368BF /* AppServiceTests.swift */; };
		87873BED2CB0FA3700E368BF /* Publisher+.swift in Sources */ = {isa = PBXBuildFile; fileRef = 87873BEC2CB0FA3700E368BF /* Publisher+.swift */; };
		87873BF12CB2DB6A00E368BF /* AuthRequest.swift in Sources */ = {isa = PBXBuildFile; fileRef = 87873BF02CB2DB6A00E368BF /* AuthRequest.swift */; };
		87873BF32CB2E2A100E368BF /* AuthResponse.swift in Sources */ = {isa = PBXBuildFile; fileRef = 87873BF22CB2E2A100E368BF /* AuthResponse.swift */; };
		87873BF62CB2E30800E368BF /* AuthEntity.swift in Sources */ = {isa = PBXBuildFile; fileRef = 87873BF52CB2E30800E368BF /* AuthEntity.swift */; };
		87873BF82CB2E71800E368BF /* UserDefaultsService.swift in Sources */ = {isa = PBXBuildFile; fileRef = 87873BF72CB2E71800E368BF /* UserDefaultsService.swift */; };
		87873BFB2CB2EB6100E368BF /* UserDefault.swift in Sources */ = {isa = PBXBuildFile; fileRef = 87873BFA2CB2EB6100E368BF /* UserDefault.swift */; };
		87873BFE2CB2EE8900E368BF /* AuthAPI.swift in Sources */ = {isa = PBXBuildFile; fileRef = 87873BFD2CB2EE8900E368BF /* AuthAPI.swift */; };
		87873C022CB4FAE100E368BF /* AppStoreResponse.swift in Sources */ = {isa = PBXBuildFile; fileRef = 87873C012CB4FAE100E368BF /* AppStoreResponse.swift */; };
		879829052C9827B200A863EC /* HomeViewModel.swift in Sources */ = {isa = PBXBuildFile; fileRef = 879829042C9827B200A863EC /* HomeViewModel.swift */; };
		879829072C98284B00A863EC /* RoomService.swift in Sources */ = {isa = PBXBuildFile; fileRef = 879829062C98284B00A863EC /* RoomService.swift */; };
		879829092C9EA54B00A863EC /* BaseView.swift in Sources */ = {isa = PBXBuildFile; fileRef = 879829082C9EA54B00A863EC /* BaseView.swift */; };
		87C06E5A2C9EA5FE00F03637 /* Device.swift in Sources */ = {isa = PBXBuildFile; fileRef = 87C06E592C9EA5FE00F03637 /* Device.swift */; };
		87C06E5D2C9EAB6800F03637 /* NaivgationRouter.swift in Sources */ = {isa = PBXBuildFile; fileRef = 87C06E5C2C9EAB6800F03637 /* NaivgationRouter.swift */; };
		87C06E5F2C9EADD600F03637 /* NavigationRoutingView.swift in Sources */ = {isa = PBXBuildFile; fileRef = 87C06E5E2C9EADD600F03637 /* NavigationRoutingView.swift */; };
		87C06E612C9EADE700F03637 /* NavigationDestination.swift in Sources */ = {isa = PBXBuildFile; fileRef = 87C06E602C9EADE700F03637 /* NavigationDestination.swift */; };
		87D797A42C9454BF003BA602 /* OnboardingViewModel.swift in Sources */ = {isa = PBXBuildFile; fileRef = 87D797A32C9454BF003BA602 /* OnboardingViewModel.swift */; };
		87E514352CBF877000FFF2E1 /* UserAPI.swift in Sources */ = {isa = PBXBuildFile; fileRef = 87E514342CBF876F00FFF2E1 /* UserAPI.swift */; };
		87E514372CBF88A700FFF2E1 /* EditNicknameReqeust.swift in Sources */ = {isa = PBXBuildFile; fileRef = 87E514362CBF88A700FFF2E1 /* EditNicknameReqeust.swift */; };
		87E514392CBF930B00FFF2E1 /* WindowRouter.swift in Sources */ = {isa = PBXBuildFile; fileRef = 87E514382CBF930B00FFF2E1 /* WindowRouter.swift */; };
		87E5143C2CBFABF000FFF2E1 /* WindowDestination.swift in Sources */ = {isa = PBXBuildFile; fileRef = 87E5143B2CBFABF000FFF2E1 /* WindowDestination.swift */; };
		D2267D1C2CC539E80049C8A8 /* MatchedUserResponse.swift in Sources */ = {isa = PBXBuildFile; fileRef = D2267D1B2CC539E80049C8A8 /* MatchedUserResponse.swift */; };
		D229FE782CA7CEA200979421 /* HTTPMethod.swift in Sources */ = {isa = PBXBuildFile; fileRef = D229FE772CA7CEA200979421 /* HTTPMethod.swift */; };
		D229FE7E2CA7D0F700979421 /* URLRequestTargetType.swift in Sources */ = {isa = PBXBuildFile; fileRef = D229FE7D2CA7D0F700979421 /* URLRequestTargetType.swift */; };
		D229FE802CA7D17600979421 /* ParameterEncoding.swift in Sources */ = {isa = PBXBuildFile; fileRef = D229FE7F2CA7D17600979421 /* ParameterEncoding.swift */; };
		D229FE822CA7D39600979421 /* SMNetworkError.swift in Sources */ = {isa = PBXBuildFile; fileRef = D229FE812CA7D39600979421 /* SMNetworkError.swift */; };
		D229FE842CA7D70C00979421 /* APIConstants.swift in Sources */ = {isa = PBXBuildFile; fileRef = D229FE832CA7D70C00979421 /* APIConstants.swift */; };
		D229FE862CA7D98400979421 /* BaseService.swift in Sources */ = {isa = PBXBuildFile; fileRef = D229FE852CA7D98400979421 /* BaseService.swift */; };
		D22E9B592C88031A00086549 /* SantaManito_iOSApp.swift in Sources */ = {isa = PBXBuildFile; fileRef = D22E9B582C88031A00086549 /* SantaManito_iOSApp.swift */; };
		D22E9B5B2C88031A00086549 /* HomeView.swift in Sources */ = {isa = PBXBuildFile; fileRef = D22E9B5A2C88031A00086549 /* HomeView.swift */; };
		D22E9B5D2C88031C00086549 /* Assets.xcassets in Resources */ = {isa = PBXBuildFile; fileRef = D22E9B5C2C88031C00086549 /* Assets.xcassets */; };
		D22E9B602C88031C00086549 /* Preview Assets.xcassets in Resources */ = {isa = PBXBuildFile; fileRef = D22E9B5F2C88031C00086549 /* Preview Assets.xcassets */; };
		D22E9B6B2C8803C100086549 /* ObservableObjectSettable.swift in Sources */ = {isa = PBXBuildFile; fileRef = D22E9B6A2C8803C100086549 /* ObservableObjectSettable.swift */; };
		D22E9B732C8803E500086549 /* Service.swift in Sources */ = {isa = PBXBuildFile; fileRef = D22E9B722C8803E500086549 /* Service.swift */; };
		D22E9B7E2C8804B600086549 /* Colors.xcassets in Resources */ = {isa = PBXBuildFile; fileRef = D22E9B7D2C8804B600086549 /* Colors.xcassets */; };
		D23410772CB1A8920066A2F9 /* EnterRoomDTO.swift in Sources */ = {isa = PBXBuildFile; fileRef = D23410762CB1A8920066A2F9 /* EnterRoomDTO.swift */; };
		D234107E2CB1AFF60066A2F9 /* EnterErrorType.swift in Sources */ = {isa = PBXBuildFile; fileRef = D234107D2CB1AFF60066A2F9 /* EnterErrorType.swift */; };
		D25411A42CA4007A00B87568 /* ManitoWaitingRoomViewModel.swift in Sources */ = {isa = PBXBuildFile; fileRef = D26BFA922C919D0900C5CF86 /* ManitoWaitingRoomViewModel.swift */; };
		D25570E92C8E858A00CCC226 /* EditRoomInfoView.swift in Sources */ = {isa = PBXBuildFile; fileRef = D25570E82C8E858A00CCC226 /* EditRoomInfoView.swift */; };
		D25570ED2C8E85CB00CCC226 /* EditRoomInfoViewModel.swift in Sources */ = {isa = PBXBuildFile; fileRef = D25570EC2C8E85CB00CCC226 /* EditRoomInfoViewModel.swift */; };
		D26879382CAA7BE40025A611 /* NetworkResponse.swift in Sources */ = {isa = PBXBuildFile; fileRef = D26879372CAA7BE40025A611 /* NetworkResponse.swift */; };
		D268793D2CAA7F8A0025A611 /* RoomAPI.swift in Sources */ = {isa = PBXBuildFile; fileRef = D268793C2CAA7F8A0025A611 /* RoomAPI.swift */; };
		D268793F2CAA80580025A611 /* BaseAPI.swift in Sources */ = {isa = PBXBuildFile; fileRef = D268793E2CAA80580025A611 /* BaseAPI.swift */; };
		D26879412CAA83500025A611 /* Paths.swift in Sources */ = {isa = PBXBuildFile; fileRef = D26879402CAA83500025A611 /* Paths.swift */; };
		D26879432CAB8DA30025A611 /* NetworkLogHandler.swift in Sources */ = {isa = PBXBuildFile; fileRef = D26879422CAB8DA30025A611 /* NetworkLogHandler.swift */; };
		D26879462CABB2F30025A611 /* EditRoomDTO.swift in Sources */ = {isa = PBXBuildFile; fileRef = D26879452CABB2F30025A611 /* EditRoomDTO.swift */; };
		D26879482CABB3A80025A611 /* GenericResponse.swift in Sources */ = {isa = PBXBuildFile; fileRef = D26879472CABB3A80025A611 /* GenericResponse.swift */; };
		D268794C2CABB5CA0025A611 /* CreateRoomDTO.swift in Sources */ = {isa = PBXBuildFile; fileRef = D268794B2CABB5CA0025A611 /* CreateRoomDTO.swift */; };
		D26BFA802C91692700C5CF86 /* SMInfoView.swift in Sources */ = {isa = PBXBuildFile; fileRef = D26BFA7F2C91692700C5CF86 /* SMInfoView.swift */; };
		D26BFA8C2C91987200C5CF86 /* EnterRoomView.swift in Sources */ = {isa = PBXBuildFile; fileRef = D26BFA8B2C91987200C5CF86 /* EnterRoomView.swift */; };
		D26BFA8E2C91987900C5CF86 /* EnterRoomViewModel.swift in Sources */ = {isa = PBXBuildFile; fileRef = D26BFA8D2C91987900C5CF86 /* EnterRoomViewModel.swift */; };
		D26BFA912C919D0000C5CF86 /* ManitoWaitingRoomView.swift in Sources */ = {isa = PBXBuildFile; fileRef = D26BFA902C919D0000C5CF86 /* ManitoWaitingRoomView.swift */; };
		D276B6082C8AB64B00230FA2 /* Font.swift in Sources */ = {isa = PBXBuildFile; fileRef = D276B6072C8AB64B00230FA2 /* Font.swift */; };
		D28568AC2CAD031C0044C231 /* RequestHandler.swift in Sources */ = {isa = PBXBuildFile; fileRef = D28568AB2CAD031C0044C231 /* RequestHandler.swift */; };
		D28568AE2CAD033C0044C231 /* ErrorHandler.swift in Sources */ = {isa = PBXBuildFile; fileRef = D28568AD2CAD033C0044C231 /* ErrorHandler.swift */; };
		D28568B22CAD21800044C231 /* Config.swift in Sources */ = {isa = PBXBuildFile; fileRef = D28568B12CAD21800044C231 /* Config.swift */; };
		D2A8F6122C9D1A4F00810BCF /* MakeRoomInfo.swift in Sources */ = {isa = PBXBuildFile; fileRef = D2A8F6112C9D1A4F00810BCF /* MakeRoomInfo.swift */; };
		D2A8F6192CA1168B00810BCF /* MatchingResultViewModel.swift in Sources */ = {isa = PBXBuildFile; fileRef = D2A8F6182CA1168B00810BCF /* MatchingResultViewModel.swift */; };
		D2A8F61B2CA116BD00810BCF /* MatchingViewModel.swift in Sources */ = {isa = PBXBuildFile; fileRef = D2A8F61A2CA116BD00810BCF /* MatchingViewModel.swift */; };
		D2A8F61D2CA116F800810BCF /* MatchingView.swift in Sources */ = {isa = PBXBuildFile; fileRef = D2A8F61C2CA116F800810BCF /* MatchingView.swift */; };
		D2A8F61F2CA1170B00810BCF /* MatchingResultView.swift in Sources */ = {isa = PBXBuildFile; fileRef = D2A8F61E2CA1170B00810BCF /* MatchingResultView.swift */; };
		D2A8F6212CA1172100810BCF /* FinishView.swift in Sources */ = {isa = PBXBuildFile; fileRef = D2A8F6202CA1172100810BCF /* FinishView.swift */; };
		D2A8F6232CA1173600810BCF /* FinishViewModel.swift in Sources */ = {isa = PBXBuildFile; fileRef = D2A8F6222CA1173600810BCF /* FinishViewModel.swift */; };
		D2BC1A8C2C8EBCF500CB32B8 /* SMColoredTextView.swift in Sources */ = {isa = PBXBuildFile; fileRef = D2BC1A8B2C8EBCF500CB32B8 /* SMColoredTextView.swift */; };
		D2BC1A902C8F4C6400CB32B8 /* Date+.swift in Sources */ = {isa = PBXBuildFile; fileRef = D2BC1A8F2C8F4C6400CB32B8 /* Date+.swift */; };
		D2BC1A922C90101E00CB32B8 /* EditMissionView.swift in Sources */ = {isa = PBXBuildFile; fileRef = D2BC1A912C90101E00CB32B8 /* EditMissionView.swift */; };
		D2BC1A942C90102900CB32B8 /* EditMissionViewModel.swift in Sources */ = {isa = PBXBuildFile; fileRef = D2BC1A932C90102900CB32B8 /* EditMissionViewModel.swift */; };
		D2BC1A982C90245700CB32B8 /* TextFieldStyles.swift in Sources */ = {isa = PBXBuildFile; fileRef = D2BC1A972C90245700CB32B8 /* TextFieldStyles.swift */; };
		D2BC1A9C2C90473100CB32B8 /* Mission.swift in Sources */ = {isa = PBXBuildFile; fileRef = D2BC1A9B2C90473000CB32B8 /* Mission.swift */; };
		D2BC1AA12C90A26B00CB32B8 /* CheckRoomInfoView.swift in Sources */ = {isa = PBXBuildFile; fileRef = D2BC1AA02C90A26B00CB32B8 /* CheckRoomInfoView.swift */; };
		D2BC1AA32C90A29200CB32B8 /* CheckRoomInfoViewModel.swift in Sources */ = {isa = PBXBuildFile; fileRef = D2BC1AA22C90A29100CB32B8 /* CheckRoomInfoViewModel.swift */; };
		D2BC1AA52C91357F00CB32B8 /* SMInviteCodeAlertView.swift in Sources */ = {isa = PBXBuildFile; fileRef = D2BC1AA42C91357F00CB32B8 /* SMInviteCodeAlertView.swift */; };
		D2E2068D2CB5317F001250AE /* RoomMyInfoDTO.swift in Sources */ = {isa = PBXBuildFile; fileRef = D2E2068C2CB5317F001250AE /* RoomMyInfoDTO.swift */; };
/* End PBXBuildFile section */

/* Begin PBXContainerItemProxy section */
		87873BD32CAC211E00E368BF /* PBXContainerItemProxy */ = {
			isa = PBXContainerItemProxy;
			containerPortal = D22E9B4D2C88031A00086549 /* Project object */;
			proxyType = 1;
			remoteGlobalIDString = D22E9B542C88031A00086549;
			remoteInfo = "SantaManito-iOS";
		};
/* End PBXContainerItemProxy section */

/* Begin PBXFileReference section */
		871D873A2CB8E5440050858A /* RoomServiceServerTests.swift */ = {isa = PBXFileReference; lastKnownFileType = sourcecode.swift; path = RoomServiceServerTests.swift; sourceTree = "<group>"; };
		871D873C2CB8F0560050858A /* MemberResponse.swift */ = {isa = PBXFileReference; lastKnownFileType = sourcecode.swift; path = MemberResponse.swift; sourceTree = "<group>"; };
		871D87402CBCF62F0050858A /* DateExtensionTests.swift */ = {isa = PBXFileReference; lastKnownFileType = sourcecode.swift; path = DateExtensionTests.swift; sourceTree = "<group>"; };
		871D87422CBCFE0E0050858A /* RoomDetailEntityTests.swift */ = {isa = PBXFileReference; lastKnownFileType = sourcecode.swift; path = RoomDetailEntityTests.swift; sourceTree = "<group>"; };
		871D87452CBCFF7F0050858A /* RoomStateFactoryTests.swift */ = {isa = PBXFileReference; lastKnownFileType = sourcecode.swift; path = RoomStateFactoryTests.swift; sourceTree = "<group>"; };
		871D87472CBD05C40050858A /* RoomStateFactory.swift */ = {isa = PBXFileReference; lastKnownFileType = sourcecode.swift; path = RoomStateFactory.swift; sourceTree = "<group>"; };
		874017A32CA1AB610096E847 /* RoomDetailDTO.swift */ = {isa = PBXFileReference; lastKnownFileType = sourcecode.swift; path = RoomDetailDTO.swift; sourceTree = "<group>"; };
		874017A52CA1ABBE0096E847 /* UserResponse.swift */ = {isa = PBXFileReference; lastKnownFileType = sourcecode.swift; path = UserResponse.swift; sourceTree = "<group>"; };
		874017A72CA1AC010096E847 /* MissionDTO.swift */ = {isa = PBXFileReference; lastKnownFileType = sourcecode.swift; path = MissionDTO.swift; sourceTree = "<group>"; };
		874017A92CA1B2FC0096E847 /* RoomDetail.swift */ = {isa = PBXFileReference; lastKnownFileType = sourcecode.swift; path = RoomDetail.swift; sourceTree = "<group>"; };
		874017AB2CA1B3040096E847 /* RoomState.swift */ = {isa = PBXFileReference; lastKnownFileType = sourcecode.swift; path = RoomState.swift; sourceTree = "<group>"; };
		874017AD2CA29C690096E847 /* MyPageView.swift */ = {isa = PBXFileReference; lastKnownFileType = sourcecode.swift; path = MyPageView.swift; sourceTree = "<group>"; };
		874017AF2CA29C820096E847 /* MyPageViewModel.swift */ = {isa = PBXFileReference; lastKnownFileType = sourcecode.swift; path = MyPageViewModel.swift; sourceTree = "<group>"; };
		874017B22CA29FEF0096E847 /* MyPageItem.swift */ = {isa = PBXFileReference; lastKnownFileType = sourcecode.swift; path = MyPageItem.swift; sourceTree = "<group>"; };
		874017B42CA2A68A0096E847 /* EditUsernameView.swift */ = {isa = PBXFileReference; lastKnownFileType = sourcecode.swift; path = EditUsernameView.swift; sourceTree = "<group>"; };
		874017B62CA2A9F30096E847 /* EditUsernameViewModel.swift */ = {isa = PBXFileReference; lastKnownFileType = sourcecode.swift; path = EditUsernameViewModel.swift; sourceTree = "<group>"; };
		874017B82CA2B0020096E847 /* User.swift */ = {isa = PBXFileReference; lastKnownFileType = sourcecode.swift; path = User.swift; sourceTree = "<group>"; };
		874017BA2CA2B64E0096E847 /* SMWebView.swift */ = {isa = PBXFileReference; lastKnownFileType = sourcecode.swift; path = SMWebView.swift; sourceTree = "<group>"; };
		874017C62CA6B4CD0096E847 /* View+.swift */ = {isa = PBXFileReference; lastKnownFileType = sourcecode.swift; path = "View+.swift"; sourceTree = "<group>"; };
		874017CA2CA7E6970096E847 /* SMPasteBoard.swift */ = {isa = PBXFileReference; lastKnownFileType = sourcecode.swift; path = SMPasteBoard.swift; sourceTree = "<group>"; };
		874017CC2CA7EC7A0096E847 /* EditRoomViewType.swift */ = {isa = PBXFileReference; lastKnownFileType = sourcecode.swift; path = EditRoomViewType.swift; sourceTree = "<group>"; };
		8742BCFD2CFB0C16009D258A /* FinishViewModelTests.swift */ = {isa = PBXFileReference; lastKnownFileType = sourcecode.swift; path = FinishViewModelTests.swift; sourceTree = "<group>"; };
		8779D8172CB8CDBD00B61DEA /* Member.swift */ = {isa = PBXFileReference; lastKnownFileType = sourcecode.swift; path = Member.swift; sourceTree = "<group>"; };
		877CA0702C8AB3DE00D23193 /* LoadingView.swift */ = {isa = PBXFileReference; lastKnownFileType = sourcecode.swift; path = LoadingView.swift; sourceTree = "<group>"; };
		877CA0722C8C4C5C00D23193 /* SMView.swift */ = {isa = PBXFileReference; lastKnownFileType = sourcecode.swift; path = SMView.swift; sourceTree = "<group>"; };
		877CA0742C8C4F4800D23193 /* Pretendard-Bold.otf */ = {isa = PBXFileReference; lastKnownFileType = file; path = "Pretendard-Bold.otf"; sourceTree = "<group>"; };
		877CA0762C8C4F5500D23193 /* Pretendard-Medium.otf */ = {isa = PBXFileReference; lastKnownFileType = file; path = "Pretendard-Medium.otf"; sourceTree = "<group>"; };
		877CA0782C8C4F5D00D23193 /* Pretendard-Regular.otf */ = {isa = PBXFileReference; lastKnownFileType = file; path = "Pretendard-Regular.otf"; sourceTree = "<group>"; };
		877CA07A2C8C4F6400D23193 /* Pretendard-SemiBold.otf */ = {isa = PBXFileReference; lastKnownFileType = file; path = "Pretendard-SemiBold.otf"; sourceTree = "<group>"; };
		877CA07E2C8C50DC00D23193 /* Corner.swift */ = {isa = PBXFileReference; lastKnownFileType = sourcecode.swift; path = Corner.swift; sourceTree = "<group>"; };
		877CA0802C8C555C00D23193 /* SMScrollView.swift */ = {isa = PBXFileReference; lastKnownFileType = sourcecode.swift; path = SMScrollView.swift; sourceTree = "<group>"; };
		877CA0822C8CA75C00D23193 /* SMAlertView.swift */ = {isa = PBXFileReference; lastKnownFileType = sourcecode.swift; path = SMAlertView.swift; sourceTree = "<group>"; };
		877CA0882C8CB61100D23193 /* DSKitDemoView.swift */ = {isa = PBXFileReference; lastKnownFileType = sourcecode.swift; path = DSKitDemoView.swift; sourceTree = "<group>"; };
		877CA0A12C94304B00D23193 /* SplashView.swift */ = {isa = PBXFileReference; lastKnownFileType = sourcecode.swift; path = SplashView.swift; sourceTree = "<group>"; };
		877CA0A32C94305200D23193 /* SplashViewModel.swift */ = {isa = PBXFileReference; lastKnownFileType = sourcecode.swift; path = SplashViewModel.swift; sourceTree = "<group>"; };
		877CA0A52C94305A00D23193 /* CancelBag.swift */ = {isa = PBXFileReference; lastKnownFileType = sourcecode.swift; path = CancelBag.swift; sourceTree = "<group>"; };
		877EA2312C889DCB0073FFBD /* ButtonStyles.swift */ = {isa = PBXFileReference; lastKnownFileType = sourcecode.swift; path = ButtonStyles.swift; sourceTree = "<group>"; };
		877EA2382C88AA8A0073FFBD /* OnboardingView.swift */ = {isa = PBXFileReference; lastKnownFileType = sourcecode.swift; path = OnboardingView.swift; sourceTree = "<group>"; };
		877EA23A2C88AAC10073FFBD /* DIContainer.swift */ = {isa = PBXFileReference; lastKnownFileType = sourcecode.swift; path = DIContainer.swift; sourceTree = "<group>"; };
		877EA23C2C88AB8D0073FFBD /* UserService.swift */ = {isa = PBXFileReference; lastKnownFileType = sourcecode.swift; path = UserService.swift; sourceTree = "<group>"; };
		877EA23E2C88AB930073FFBD /* AuthService.swift */ = {isa = PBXFileReference; lastKnownFileType = sourcecode.swift; path = AuthService.swift; sourceTree = "<group>"; };
		877EA2402C88ABA00073FFBD /* PushNotificationService.swift */ = {isa = PBXFileReference; lastKnownFileType = sourcecode.swift; path = PushNotificationService.swift; sourceTree = "<group>"; };
		87873BC32CAC1B2D00E368BF /* Secret.md */ = {isa = PBXFileReference; lastKnownFileType = net.daringfireball.markdown; path = Secret.md; sourceTree = "<group>"; };
		87873BC42CAC1C0300E368BF /* RemoteConfigService.swift */ = {isa = PBXFileReference; lastKnownFileType = sourcecode.swift; path = RemoteConfigService.swift; sourceTree = "<group>"; };
		87873BC62CAC1EFA00E368BF /* GoogleService-Info.plist */ = {isa = PBXFileReference; fileEncoding = 4; lastKnownFileType = text.plist.xml; path = "GoogleService-Info.plist"; sourceTree = "<group>"; };
		87873BCF2CAC211E00E368BF /* SantaManitoUnitTests.xctest */ = {isa = PBXFileReference; explicitFileType = wrapper.cfbundle; includeInIndex = 0; path = SantaManitoUnitTests.xctest; sourceTree = BUILT_PRODUCTS_DIR; };
		87873BD12CAC211E00E368BF /* FirebaseRemoteConfigTests.swift */ = {isa = PBXFileReference; lastKnownFileType = sourcecode.swift; path = FirebaseRemoteConfigTests.swift; sourceTree = "<group>"; };
		87873BDB2CAC29E900E368BF /* AppDelegate.swift */ = {isa = PBXFileReference; lastKnownFileType = sourcecode.swift; path = AppDelegate.swift; sourceTree = "<group>"; };
		87873BDE2CAC2EA200E368BF /* TestView.swift */ = {isa = PBXFileReference; lastKnownFileType = sourcecode.swift; path = TestView.swift; sourceTree = "<group>"; };
		87873BE02CAFF29600E368BF /* AppService.swift */ = {isa = PBXFileReference; lastKnownFileType = sourcecode.swift; path = AppService.swift; sourceTree = "<group>"; };
		87873BE32CAFF2E200E368BF /* Version.swift */ = {isa = PBXFileReference; lastKnownFileType = sourcecode.swift; path = Version.swift; sourceTree = "<group>"; };
		87873BE62CAFF63800E368BF /* VersionEntityTests.swift */ = {isa = PBXFileReference; lastKnownFileType = sourcecode.swift; path = VersionEntityTests.swift; sourceTree = "<group>"; };
		87873BE82CB00BFF00E368BF /* AppServiceTests.swift */ = {isa = PBXFileReference; lastKnownFileType = sourcecode.swift; path = AppServiceTests.swift; sourceTree = "<group>"; };
		87873BEC2CB0FA3700E368BF /* Publisher+.swift */ = {isa = PBXFileReference; lastKnownFileType = sourcecode.swift; path = "Publisher+.swift"; sourceTree = "<group>"; };
		87873BF02CB2DB6A00E368BF /* AuthRequest.swift */ = {isa = PBXFileReference; lastKnownFileType = sourcecode.swift; path = AuthRequest.swift; sourceTree = "<group>"; };
		87873BF22CB2E2A100E368BF /* AuthResponse.swift */ = {isa = PBXFileReference; lastKnownFileType = sourcecode.swift; path = AuthResponse.swift; sourceTree = "<group>"; };
		87873BF52CB2E30800E368BF /* AuthEntity.swift */ = {isa = PBXFileReference; lastKnownFileType = sourcecode.swift; path = AuthEntity.swift; sourceTree = "<group>"; };
		87873BF72CB2E71800E368BF /* UserDefaultsService.swift */ = {isa = PBXFileReference; lastKnownFileType = sourcecode.swift; path = UserDefaultsService.swift; sourceTree = "<group>"; };
		87873BFA2CB2EB6100E368BF /* UserDefault.swift */ = {isa = PBXFileReference; lastKnownFileType = sourcecode.swift; path = UserDefault.swift; sourceTree = "<group>"; };
		87873BFD2CB2EE8900E368BF /* AuthAPI.swift */ = {isa = PBXFileReference; lastKnownFileType = sourcecode.swift; path = AuthAPI.swift; sourceTree = "<group>"; };
		87873C012CB4FAE100E368BF /* AppStoreResponse.swift */ = {isa = PBXFileReference; lastKnownFileType = sourcecode.swift; path = AppStoreResponse.swift; sourceTree = "<group>"; };
		878C7B612CB6D5BE007756A3 /* Config.xcconfig */ = {isa = PBXFileReference; lastKnownFileType = text.xcconfig; path = Config.xcconfig; sourceTree = "<group>"; };
		879829042C9827B200A863EC /* HomeViewModel.swift */ = {isa = PBXFileReference; lastKnownFileType = sourcecode.swift; path = HomeViewModel.swift; sourceTree = "<group>"; };
		879829062C98284B00A863EC /* RoomService.swift */ = {isa = PBXFileReference; lastKnownFileType = sourcecode.swift; path = RoomService.swift; sourceTree = "<group>"; };
		879829082C9EA54B00A863EC /* BaseView.swift */ = {isa = PBXFileReference; lastKnownFileType = sourcecode.swift; path = BaseView.swift; sourceTree = "<group>"; };
		87C06E592C9EA5FE00F03637 /* Device.swift */ = {isa = PBXFileReference; lastKnownFileType = sourcecode.swift; path = Device.swift; sourceTree = "<group>"; };
		87C06E5C2C9EAB6800F03637 /* NaivgationRouter.swift */ = {isa = PBXFileReference; lastKnownFileType = sourcecode.swift; path = NaivgationRouter.swift; sourceTree = "<group>"; };
		87C06E5E2C9EADD600F03637 /* NavigationRoutingView.swift */ = {isa = PBXFileReference; lastKnownFileType = sourcecode.swift; path = NavigationRoutingView.swift; sourceTree = "<group>"; };
		87C06E602C9EADE700F03637 /* NavigationDestination.swift */ = {isa = PBXFileReference; lastKnownFileType = sourcecode.swift; path = NavigationDestination.swift; sourceTree = "<group>"; };
		87D797A32C9454BF003BA602 /* OnboardingViewModel.swift */ = {isa = PBXFileReference; lastKnownFileType = sourcecode.swift; path = OnboardingViewModel.swift; sourceTree = "<group>"; };
		87E514342CBF876F00FFF2E1 /* UserAPI.swift */ = {isa = PBXFileReference; lastKnownFileType = sourcecode.swift; path = UserAPI.swift; sourceTree = "<group>"; };
		87E514362CBF88A700FFF2E1 /* EditNicknameReqeust.swift */ = {isa = PBXFileReference; lastKnownFileType = sourcecode.swift; path = EditNicknameReqeust.swift; sourceTree = "<group>"; };
		87E514382CBF930B00FFF2E1 /* WindowRouter.swift */ = {isa = PBXFileReference; lastKnownFileType = sourcecode.swift; path = WindowRouter.swift; sourceTree = "<group>"; };
		87E5143B2CBFABF000FFF2E1 /* WindowDestination.swift */ = {isa = PBXFileReference; lastKnownFileType = sourcecode.swift; path = WindowDestination.swift; sourceTree = "<group>"; };
		D2267D1B2CC539E80049C8A8 /* MatchedUserResponse.swift */ = {isa = PBXFileReference; lastKnownFileType = sourcecode.swift; path = MatchedUserResponse.swift; sourceTree = "<group>"; };
		D229FE772CA7CEA200979421 /* HTTPMethod.swift */ = {isa = PBXFileReference; lastKnownFileType = sourcecode.swift; path = HTTPMethod.swift; sourceTree = "<group>"; };
		D229FE7D2CA7D0F700979421 /* URLRequestTargetType.swift */ = {isa = PBXFileReference; lastKnownFileType = sourcecode.swift; path = URLRequestTargetType.swift; sourceTree = "<group>"; };
		D229FE7F2CA7D17600979421 /* ParameterEncoding.swift */ = {isa = PBXFileReference; lastKnownFileType = sourcecode.swift; path = ParameterEncoding.swift; sourceTree = "<group>"; };
		D229FE812CA7D39600979421 /* SMNetworkError.swift */ = {isa = PBXFileReference; lastKnownFileType = sourcecode.swift; path = SMNetworkError.swift; sourceTree = "<group>"; };
		D229FE832CA7D70C00979421 /* APIConstants.swift */ = {isa = PBXFileReference; lastKnownFileType = sourcecode.swift; path = APIConstants.swift; sourceTree = "<group>"; };
		D229FE852CA7D98400979421 /* BaseService.swift */ = {isa = PBXFileReference; lastKnownFileType = sourcecode.swift; path = BaseService.swift; sourceTree = "<group>"; };
		D22E9B552C88031A00086549 /* SantaManito-iOS.app */ = {isa = PBXFileReference; explicitFileType = wrapper.application; includeInIndex = 0; path = "SantaManito-iOS.app"; sourceTree = BUILT_PRODUCTS_DIR; };
		D22E9B582C88031A00086549 /* SantaManito_iOSApp.swift */ = {isa = PBXFileReference; lastKnownFileType = sourcecode.swift; path = SantaManito_iOSApp.swift; sourceTree = "<group>"; };
		D22E9B5A2C88031A00086549 /* HomeView.swift */ = {isa = PBXFileReference; lastKnownFileType = sourcecode.swift; path = HomeView.swift; sourceTree = "<group>"; };
		D22E9B5C2C88031C00086549 /* Assets.xcassets */ = {isa = PBXFileReference; lastKnownFileType = folder.assetcatalog; path = Assets.xcassets; sourceTree = "<group>"; };
		D22E9B5F2C88031C00086549 /* Preview Assets.xcassets */ = {isa = PBXFileReference; lastKnownFileType = folder.assetcatalog; path = "Preview Assets.xcassets"; sourceTree = "<group>"; };
		D22E9B6A2C8803C100086549 /* ObservableObjectSettable.swift */ = {isa = PBXFileReference; lastKnownFileType = sourcecode.swift; path = ObservableObjectSettable.swift; sourceTree = "<group>"; };
		D22E9B722C8803E500086549 /* Service.swift */ = {isa = PBXFileReference; lastKnownFileType = sourcecode.swift; path = Service.swift; sourceTree = "<group>"; };
		D22E9B7D2C8804B600086549 /* Colors.xcassets */ = {isa = PBXFileReference; lastKnownFileType = folder.assetcatalog; path = Colors.xcassets; sourceTree = "<group>"; };
		D23410762CB1A8920066A2F9 /* EnterRoomDTO.swift */ = {isa = PBXFileReference; lastKnownFileType = sourcecode.swift; path = EnterRoomDTO.swift; sourceTree = "<group>"; };
		D234107D2CB1AFF60066A2F9 /* EnterErrorType.swift */ = {isa = PBXFileReference; lastKnownFileType = sourcecode.swift; path = EnterErrorType.swift; sourceTree = "<group>"; };
		D25570E82C8E858A00CCC226 /* EditRoomInfoView.swift */ = {isa = PBXFileReference; lastKnownFileType = sourcecode.swift; path = EditRoomInfoView.swift; sourceTree = "<group>"; };
		D25570EC2C8E85CB00CCC226 /* EditRoomInfoViewModel.swift */ = {isa = PBXFileReference; lastKnownFileType = sourcecode.swift; path = EditRoomInfoViewModel.swift; sourceTree = "<group>"; };
		D26879372CAA7BE40025A611 /* NetworkResponse.swift */ = {isa = PBXFileReference; lastKnownFileType = sourcecode.swift; path = NetworkResponse.swift; sourceTree = "<group>"; };
		D268793C2CAA7F8A0025A611 /* RoomAPI.swift */ = {isa = PBXFileReference; lastKnownFileType = sourcecode.swift; path = RoomAPI.swift; sourceTree = "<group>"; };
		D268793E2CAA80580025A611 /* BaseAPI.swift */ = {isa = PBXFileReference; lastKnownFileType = sourcecode.swift; path = BaseAPI.swift; sourceTree = "<group>"; };
		D26879402CAA83500025A611 /* Paths.swift */ = {isa = PBXFileReference; lastKnownFileType = sourcecode.swift; path = Paths.swift; sourceTree = "<group>"; };
		D26879422CAB8DA30025A611 /* NetworkLogHandler.swift */ = {isa = PBXFileReference; lastKnownFileType = sourcecode.swift; path = NetworkLogHandler.swift; sourceTree = "<group>"; };
		D26879452CABB2F30025A611 /* EditRoomDTO.swift */ = {isa = PBXFileReference; lastKnownFileType = sourcecode.swift; path = EditRoomDTO.swift; sourceTree = "<group>"; };
		D26879472CABB3A80025A611 /* GenericResponse.swift */ = {isa = PBXFileReference; lastKnownFileType = sourcecode.swift; path = GenericResponse.swift; sourceTree = "<group>"; };
		D268794B2CABB5CA0025A611 /* CreateRoomDTO.swift */ = {isa = PBXFileReference; lastKnownFileType = sourcecode.swift; path = CreateRoomDTO.swift; sourceTree = "<group>"; };
		D26BFA7F2C91692700C5CF86 /* SMInfoView.swift */ = {isa = PBXFileReference; lastKnownFileType = sourcecode.swift; path = SMInfoView.swift; sourceTree = "<group>"; };
		D26BFA8B2C91987200C5CF86 /* EnterRoomView.swift */ = {isa = PBXFileReference; lastKnownFileType = sourcecode.swift; path = EnterRoomView.swift; sourceTree = "<group>"; };
		D26BFA8D2C91987900C5CF86 /* EnterRoomViewModel.swift */ = {isa = PBXFileReference; lastKnownFileType = sourcecode.swift; path = EnterRoomViewModel.swift; sourceTree = "<group>"; };
		D26BFA902C919D0000C5CF86 /* ManitoWaitingRoomView.swift */ = {isa = PBXFileReference; lastKnownFileType = sourcecode.swift; path = ManitoWaitingRoomView.swift; sourceTree = "<group>"; };
		D26BFA922C919D0900C5CF86 /* ManitoWaitingRoomViewModel.swift */ = {isa = PBXFileReference; lastKnownFileType = sourcecode.swift; path = ManitoWaitingRoomViewModel.swift; sourceTree = "<group>"; };
		D276B5FA2C8AAB6200230FA2 /* Info.plist */ = {isa = PBXFileReference; lastKnownFileType = text.plist.xml; path = Info.plist; sourceTree = "<group>"; };
		D276B6072C8AB64B00230FA2 /* Font.swift */ = {isa = PBXFileReference; lastKnownFileType = sourcecode.swift; path = Font.swift; sourceTree = "<group>"; };
		D28568AB2CAD031C0044C231 /* RequestHandler.swift */ = {isa = PBXFileReference; lastKnownFileType = sourcecode.swift; path = RequestHandler.swift; sourceTree = "<group>"; };
		D28568AD2CAD033C0044C231 /* ErrorHandler.swift */ = {isa = PBXFileReference; lastKnownFileType = sourcecode.swift; path = ErrorHandler.swift; sourceTree = "<group>"; };
		D28568B12CAD21800044C231 /* Config.swift */ = {isa = PBXFileReference; lastKnownFileType = sourcecode.swift; path = Config.swift; sourceTree = "<group>"; };
		D2A8F6112C9D1A4F00810BCF /* MakeRoomInfo.swift */ = {isa = PBXFileReference; lastKnownFileType = sourcecode.swift; path = MakeRoomInfo.swift; sourceTree = "<group>"; };
		D2A8F6182CA1168B00810BCF /* MatchingResultViewModel.swift */ = {isa = PBXFileReference; lastKnownFileType = sourcecode.swift; path = MatchingResultViewModel.swift; sourceTree = "<group>"; };
		D2A8F61A2CA116BD00810BCF /* MatchingViewModel.swift */ = {isa = PBXFileReference; lastKnownFileType = sourcecode.swift; path = MatchingViewModel.swift; sourceTree = "<group>"; };
		D2A8F61C2CA116F800810BCF /* MatchingView.swift */ = {isa = PBXFileReference; lastKnownFileType = sourcecode.swift; path = MatchingView.swift; sourceTree = "<group>"; };
		D2A8F61E2CA1170B00810BCF /* MatchingResultView.swift */ = {isa = PBXFileReference; lastKnownFileType = sourcecode.swift; path = MatchingResultView.swift; sourceTree = "<group>"; };
		D2A8F6202CA1172100810BCF /* FinishView.swift */ = {isa = PBXFileReference; lastKnownFileType = sourcecode.swift; path = FinishView.swift; sourceTree = "<group>"; };
		D2A8F6222CA1173600810BCF /* FinishViewModel.swift */ = {isa = PBXFileReference; lastKnownFileType = sourcecode.swift; path = FinishViewModel.swift; sourceTree = "<group>"; };
		D2BC1A8B2C8EBCF500CB32B8 /* SMColoredTextView.swift */ = {isa = PBXFileReference; lastKnownFileType = sourcecode.swift; path = SMColoredTextView.swift; sourceTree = "<group>"; };
		D2BC1A8F2C8F4C6400CB32B8 /* Date+.swift */ = {isa = PBXFileReference; lastKnownFileType = sourcecode.swift; path = "Date+.swift"; sourceTree = "<group>"; };
		D2BC1A912C90101E00CB32B8 /* EditMissionView.swift */ = {isa = PBXFileReference; lastKnownFileType = sourcecode.swift; path = EditMissionView.swift; sourceTree = "<group>"; };
		D2BC1A932C90102900CB32B8 /* EditMissionViewModel.swift */ = {isa = PBXFileReference; lastKnownFileType = sourcecode.swift; path = EditMissionViewModel.swift; sourceTree = "<group>"; };
		D2BC1A972C90245700CB32B8 /* TextFieldStyles.swift */ = {isa = PBXFileReference; lastKnownFileType = sourcecode.swift; path = TextFieldStyles.swift; sourceTree = "<group>"; };
		D2BC1A9B2C90473000CB32B8 /* Mission.swift */ = {isa = PBXFileReference; lastKnownFileType = sourcecode.swift; path = Mission.swift; sourceTree = "<group>"; };
		D2BC1AA02C90A26B00CB32B8 /* CheckRoomInfoView.swift */ = {isa = PBXFileReference; lastKnownFileType = sourcecode.swift; path = CheckRoomInfoView.swift; sourceTree = "<group>"; };
		D2BC1AA22C90A29100CB32B8 /* CheckRoomInfoViewModel.swift */ = {isa = PBXFileReference; lastKnownFileType = sourcecode.swift; path = CheckRoomInfoViewModel.swift; sourceTree = "<group>"; };
		D2BC1AA42C91357F00CB32B8 /* SMInviteCodeAlertView.swift */ = {isa = PBXFileReference; lastKnownFileType = sourcecode.swift; path = SMInviteCodeAlertView.swift; sourceTree = "<group>"; };
		D2E2068C2CB5317F001250AE /* RoomMyInfoDTO.swift */ = {isa = PBXFileReference; lastKnownFileType = sourcecode.swift; path = RoomMyInfoDTO.swift; sourceTree = "<group>"; };
/* End PBXFileReference section */

/* Begin PBXFrameworksBuildPhase section */
		87873BCC2CAC211E00E368BF /* Frameworks */ = {
			isa = PBXFrameworksBuildPhase;
			buildActionMask = 2147483647;
			files = (
			);
			runOnlyForDeploymentPostprocessing = 0;
		};
		D22E9B522C88031A00086549 /* Frameworks */ = {
			isa = PBXFrameworksBuildPhase;
			buildActionMask = 2147483647;
			files = (
				877D51FF2D743BCF00FE8317 /* FirebaseRemoteConfig in Frameworks */,
				877D51FD2D743BCF00FE8317 /* FirebaseCore in Frameworks */,
				874296212D7437D8001531AA /* AmplitudeSwift in Frameworks */,
			);
			runOnlyForDeploymentPostprocessing = 0;
		};
/* End PBXFrameworksBuildPhase section */

/* Begin PBXGroup section */
		871D87442CBCFF660050858A /* RoomEntityTests */ = {
			isa = PBXGroup;
			children = (
				871D87422CBCFE0E0050858A /* RoomDetailEntityTests.swift */,
				871D87452CBCFF7F0050858A /* RoomStateFactoryTests.swift */,
			);
			path = RoomEntityTests;
			sourceTree = "<group>";
		};
		874017B12CA29FE20096E847 /* MyPage */ = {
			isa = PBXGroup;
			children = (
				874017B22CA29FEF0096E847 /* MyPageItem.swift */,
			);
			path = MyPage;
			sourceTree = "<group>";
		};
		874017BC2CA3EEFD0096E847 /* MyPage */ = {
			isa = PBXGroup;
			children = (
				874017BD2CA3EF290096E847 /* MyPage */,
				874017BE2CA3EF2F0096E847 /* EditUsername */,
			);
			path = MyPage;
			sourceTree = "<group>";
		};
		874017BD2CA3EF290096E847 /* MyPage */ = {
			isa = PBXGroup;
			children = (
				874017AD2CA29C690096E847 /* MyPageView.swift */,
				874017AF2CA29C820096E847 /* MyPageViewModel.swift */,
			);
			path = MyPage;
			sourceTree = "<group>";
		};
		874017BE2CA3EF2F0096E847 /* EditUsername */ = {
			isa = PBXGroup;
			children = (
				874017B42CA2A68A0096E847 /* EditUsernameView.swift */,
				874017B62CA2A9F30096E847 /* EditUsernameViewModel.swift */,
			);
			path = EditUsername;
			sourceTree = "<group>";
		};
		874017BF2CA3EFBE0096E847 /* Room */ = {
			isa = PBXGroup;
			children = (
				D2A8F6112C9D1A4F00810BCF /* MakeRoomInfo.swift */,
				D2BC1A9B2C90473000CB32B8 /* Mission.swift */,
				874017AB2CA1B3040096E847 /* RoomState.swift */,
				874017A92CA1B2FC0096E847 /* RoomDetail.swift */,
				874017CC2CA7EC7A0096E847 /* EditRoomViewType.swift */,
				8779D8172CB8CDBD00B61DEA /* Member.swift */,
			);
			path = Room;
			sourceTree = "<group>";
		};
		874017C02CA3EFC70096E847 /* User */ = {
			isa = PBXGroup;
			children = (
				874017B82CA2B0020096E847 /* User.swift */,
			);
			path = User;
			sourceTree = "<group>";
		};
		877CA06B2C8AA1AD00D23193 /* Component */ = {
			isa = PBXGroup;
			children = (
				D2BC1A8B2C8EBCF500CB32B8 /* SMColoredTextView.swift */,
				877CA0702C8AB3DE00D23193 /* LoadingView.swift */,
				877CA0722C8C4C5C00D23193 /* SMView.swift */,
				877CA0802C8C555C00D23193 /* SMScrollView.swift */,
				877CA0822C8CA75C00D23193 /* SMAlertView.swift */,
				879829082C9EA54B00A863EC /* BaseView.swift */,
			);
			path = Component;
			sourceTree = "<group>";
		};
		877CA07D2C8C50D000D23193 /* View */ = {
			isa = PBXGroup;
			children = (
				874017BA2CA2B64E0096E847 /* SMWebView.swift */,
				877CA07E2C8C50DC00D23193 /* Corner.swift */,
			);
			path = View;
			sourceTree = "<group>";
		};
		877CA0A02C94303200D23193 /* Splash */ = {
			isa = PBXGroup;
			children = (
				877CA0A12C94304B00D23193 /* SplashView.swift */,
				877CA0A32C94305200D23193 /* SplashViewModel.swift */,
			);
			path = Splash;
			sourceTree = "<group>";
		};
		877EA2302C889DC10073FFBD /* Style */ = {
			isa = PBXGroup;
			children = (
				877EA2312C889DCB0073FFBD /* ButtonStyles.swift */,
				D2BC1A972C90245700CB32B8 /* TextFieldStyles.swift */,
			);
			path = Style;
			sourceTree = "<group>";
		};
		877EA2332C88AA410073FFBD /* Home */ = {
			isa = PBXGroup;
			children = (
				D22E9B5A2C88031A00086549 /* HomeView.swift */,
				879829042C9827B200A863EC /* HomeViewModel.swift */,
			);
			path = Home;
			sourceTree = "<group>";
		};
		877EA2372C88AA780073FFBD /* Onboarding */ = {
			isa = PBXGroup;
			children = (
				877EA2382C88AA8A0073FFBD /* OnboardingView.swift */,
				87D797A32C9454BF003BA602 /* OnboardingViewModel.swift */,
			);
			path = Onboarding;
			sourceTree = "<group>";
		};
		877EA2422C88AE6B0073FFBD /* DTO */ = {
			isa = PBXGroup;
			children = (
				87873C002CB4FAD000E368BF /* App */,
				87873BEF2CB2DB6000E368BF /* Auth */,
				87873BEE2CB2DB5C00E368BF /* User */,
				D26879442CABB2150025A611 /* Room */,
			);
			path = DTO;
			sourceTree = "<group>";
		};
		87873BBF2CAC1A4C00E368BF /* Secret */ = {
			isa = PBXGroup;
			children = (
				87873BC32CAC1B2D00E368BF /* Secret.md */,
				878C7B612CB6D5BE007756A3 /* Config.xcconfig */,
			);
			path = Secret;
			sourceTree = "<group>";
		};
		87873BD02CAC211E00E368BF /* SantaManitoUnitTests */ = {
			isa = PBXGroup;
			children = (
				87B6FD952CFAF3BF00E33AFB /* ViewModelTests */,
				871D87442CBCFF660050858A /* RoomEntityTests */,
				87873BD12CAC211E00E368BF /* FirebaseRemoteConfigTests.swift */,
				87873BE62CAFF63800E368BF /* VersionEntityTests.swift */,
				87873BE82CB00BFF00E368BF /* AppServiceTests.swift */,
				871D873A2CB8E5440050858A /* RoomServiceServerTests.swift */,
				871D87402CBCF62F0050858A /* DateExtensionTests.swift */,
			);
			path = SantaManitoUnitTests;
			sourceTree = "<group>";
		};
		87873BDD2CAC2E9700E368BF /* Test */ = {
			isa = PBXGroup;
			children = (
				87873BDE2CAC2EA200E368BF /* TestView.swift */,
			);
			path = Test;
			sourceTree = "<group>";
		};
		87873BE22CAFF2D900E368BF /* App */ = {
			isa = PBXGroup;
			children = (
				87873BE32CAFF2E200E368BF /* Version.swift */,
			);
			path = App;
			sourceTree = "<group>";
		};
		87873BEE2CB2DB5C00E368BF /* User */ = {
			isa = PBXGroup;
			children = (
				874017A52CA1ABBE0096E847 /* UserResponse.swift */,
				871D873C2CB8F0560050858A /* MemberResponse.swift */,
				87E514362CBF88A700FFF2E1 /* EditNicknameReqeust.swift */,
				D2267D1B2CC539E80049C8A8 /* MatchedUserResponse.swift */,
			);
			path = User;
			sourceTree = "<group>";
		};
		87873BEF2CB2DB6000E368BF /* Auth */ = {
			isa = PBXGroup;
			children = (
				87873BF02CB2DB6A00E368BF /* AuthRequest.swift */,
				87873BF22CB2E2A100E368BF /* AuthResponse.swift */,
			);
			path = Auth;
			sourceTree = "<group>";
		};
		87873BF42CB2E2F100E368BF /* Auth */ = {
			isa = PBXGroup;
			children = (
				87873BF52CB2E30800E368BF /* AuthEntity.swift */,
			);
			path = Auth;
			sourceTree = "<group>";
		};
		87873BF92CB2EB5700E368BF /* PropertyWrapper */ = {
			isa = PBXGroup;
			children = (
				87873BFA2CB2EB6100E368BF /* UserDefault.swift */,
			);
			path = PropertyWrapper;
			sourceTree = "<group>";
		};
		87873BFC2CB2EE7F00E368BF /* Auth */ = {
			isa = PBXGroup;
			children = (
				877EA23E2C88AB930073FFBD /* AuthService.swift */,
				87873BFD2CB2EE8900E368BF /* AuthAPI.swift */,
			);
			path = Auth;
			sourceTree = "<group>";
		};
		87873C002CB4FAD000E368BF /* App */ = {
			isa = PBXGroup;
			children = (
				87873C012CB4FAE100E368BF /* AppStoreResponse.swift */,
			);
			path = App;
			sourceTree = "<group>";
		};
		87B6FD952CFAF3BF00E33AFB /* ViewModelTests */ = {
			isa = PBXGroup;
			children = (
				8742BCFD2CFB0C16009D258A /* FinishViewModelTests.swift */,
			);
			path = ViewModelTests;
			sourceTree = "<group>";
		};
		87C06E5B2C9EAB5E00F03637 /* Navigation */ = {
			isa = PBXGroup;
			children = (
				87C06E5C2C9EAB6800F03637 /* NaivgationRouter.swift */,
				87C06E602C9EADE700F03637 /* NavigationDestination.swift */,
				87C06E5E2C9EADD600F03637 /* NavigationRoutingView.swift */,
			);
			path = Navigation;
			sourceTree = "<group>";
		};
		87E514332CBF876000FFF2E1 /* User */ = {
			isa = PBXGroup;
			children = (
				877EA23C2C88AB8D0073FFBD /* UserService.swift */,
				87E514342CBF876F00FFF2E1 /* UserAPI.swift */,
			);
			path = User;
			sourceTree = "<group>";
		};
		87E5143A2CBFABD500FFF2E1 /* Window */ = {
			isa = PBXGroup;
			children = (
				87E514382CBF930B00FFF2E1 /* WindowRouter.swift */,
				87E5143B2CBFABF000FFF2E1 /* WindowDestination.swift */,
			);
			path = Window;
			sourceTree = "<group>";
		};
		D229FE732CA7CDC000979421 /* Networks */ = {
			isa = PBXGroup;
			children = (
				D229FE742CA7CDC600979421 /* Foundation */,
			);
			path = Networks;
			sourceTree = "<group>";
		};
		D229FE742CA7CDC600979421 /* Foundation */ = {
			isa = PBXGroup;
			children = (
				D28568AA2CAD02C70044C231 /* Handler */,
				D229FE772CA7CEA200979421 /* HTTPMethod.swift */,
				D229FE7D2CA7D0F700979421 /* URLRequestTargetType.swift */,
				D229FE7F2CA7D17600979421 /* ParameterEncoding.swift */,
				D229FE812CA7D39600979421 /* SMNetworkError.swift */,
				D229FE832CA7D70C00979421 /* APIConstants.swift */,
				D229FE852CA7D98400979421 /* BaseService.swift */,
				D26879372CAA7BE40025A611 /* NetworkResponse.swift */,
				D268793E2CAA80580025A611 /* BaseAPI.swift */,
				D26879402CAA83500025A611 /* Paths.swift */,
				D26879472CABB3A80025A611 /* GenericResponse.swift */,
			);
			path = Foundation;
			sourceTree = "<group>";
		};
		D22E9B4C2C88031A00086549 = {
			isa = PBXGroup;
			children = (
				D22E9B572C88031A00086549 /* SantaManito-iOS */,
				87873BD02CAC211E00E368BF /* SantaManitoUnitTests */,
				D22E9B562C88031A00086549 /* Products */,
			);
			sourceTree = "<group>";
		};
		D22E9B562C88031A00086549 /* Products */ = {
			isa = PBXGroup;
			children = (
				D22E9B552C88031A00086549 /* SantaManito-iOS.app */,
				87873BCF2CAC211E00E368BF /* SantaManitoUnitTests.xctest */,
			);
			name = Products;
			sourceTree = "<group>";
		};
		D22E9B572C88031A00086549 /* SantaManito-iOS */ = {
			isa = PBXGroup;
			children = (
				87873BC62CAC1EFA00E368BF /* GoogleService-Info.plist */,
				D276B5FA2C8AAB6200230FA2 /* Info.plist */,
				87873BBF2CAC1A4C00E368BF /* Secret */,
				D22E9B662C8803A200086549 /* App */,
				D22E9B7A2C88042500086549 /* Feature */,
				D22E9B782C8803F600086549 /* DSKit */,
				D22E9B6E2C8803CC00086549 /* Data */,
				D22E9B672C8803AE00086549 /* Core */,
				D229FE732CA7CDC000979421 /* Networks */,
				D22E9B5E2C88031C00086549 /* Preview Content */,
			);
			path = "SantaManito-iOS";
			sourceTree = "<group>";
		};
		D22E9B5E2C88031C00086549 /* Preview Content */ = {
			isa = PBXGroup;
			children = (
				D22E9B5F2C88031C00086549 /* Preview Assets.xcassets */,
			);
			path = "Preview Content";
			sourceTree = "<group>";
		};
		D22E9B662C8803A200086549 /* App */ = {
			isa = PBXGroup;
			children = (
				87E5143A2CBFABD500FFF2E1 /* Window */,
				87C06E5B2C9EAB5E00F03637 /* Navigation */,
				D22E9B582C88031A00086549 /* SantaManito_iOSApp.swift */,
				877EA23A2C88AAC10073FFBD /* DIContainer.swift */,
				87873BDB2CAC29E900E368BF /* AppDelegate.swift */,
				D28568B12CAD21800044C231 /* Config.swift */,
			);
			path = App;
			sourceTree = "<group>";
		};
		D22E9B672C8803AE00086549 /* Core */ = {
			isa = PBXGroup;
			children = (
				87873BF92CB2EB5700E368BF /* PropertyWrapper */,
				D22E9B692C8803BA00086549 /* Util */,
				D22E9B682C8803B100086549 /* Extension */,
			);
			path = Core;
			sourceTree = "<group>";
		};
		D22E9B682C8803B100086549 /* Extension */ = {
			isa = PBXGroup;
			children = (
				D2BC1A8F2C8F4C6400CB32B8 /* Date+.swift */,
				874017C62CA6B4CD0096E847 /* View+.swift */,
				87873BEC2CB0FA3700E368BF /* Publisher+.swift */,
			);
			path = Extension;
			sourceTree = "<group>";
		};
		D22E9B692C8803BA00086549 /* Util */ = {
			isa = PBXGroup;
			children = (
				877CA07D2C8C50D000D23193 /* View */,
				D22E9B6A2C8803C100086549 /* ObservableObjectSettable.swift */,
				877CA0A52C94305A00D23193 /* CancelBag.swift */,
				87C06E592C9EA5FE00F03637 /* Device.swift */,
				874017CA2CA7E6970096E847 /* SMPasteBoard.swift */,
			);
			path = Util;
			sourceTree = "<group>";
		};
		D22E9B6E2C8803CC00086549 /* Data */ = {
			isa = PBXGroup;
			children = (
				D22E9B712C8803DD00086549 /* Service */,
				D22E9B6F2C8803D200086549 /* Entity */,
				877EA2422C88AE6B0073FFBD /* DTO */,
			);
			path = Data;
			sourceTree = "<group>";
		};
		D22E9B6F2C8803D200086549 /* Entity */ = {
			isa = PBXGroup;
			children = (
				D234107C2CB1AFED0066A2F9 /* Error */,
				87873BE22CAFF2D900E368BF /* App */,
				87873BF42CB2E2F100E368BF /* Auth */,
				874017C02CA3EFC70096E847 /* User */,
				874017BF2CA3EFBE0096E847 /* Room */,
				874017B12CA29FE20096E847 /* MyPage */,
			);
			path = Entity;
			sourceTree = "<group>";
		};
		D22E9B712C8803DD00086549 /* Service */ = {
			isa = PBXGroup;
			children = (
				87873BFC2CB2EE7F00E368BF /* Auth */,
				87E514332CBF876000FFF2E1 /* User */,
				D2A8F60C2C9D18E700810BCF /* Room */,
				D22E9B722C8803E500086549 /* Service.swift */,
				87873BE02CAFF29600E368BF /* AppService.swift */,
				877EA2402C88ABA00073FFBD /* PushNotificationService.swift */,
				87873BC42CAC1C0300E368BF /* RemoteConfigService.swift */,
				87873BF72CB2E71800E368BF /* UserDefaultsService.swift */,
			);
			path = Service;
			sourceTree = "<group>";
		};
		D22E9B782C8803F600086549 /* DSKit */ = {
			isa = PBXGroup;
			children = (
				877CA0882C8CB61100D23193 /* DSKitDemoView.swift */,
				877CA06B2C8AA1AD00D23193 /* Component */,
				877EA2302C889DC10073FFBD /* Style */,
				D22E9B792C8803FA00086549 /* Resource */,
			);
			path = DSKit;
			sourceTree = "<group>";
		};
		D22E9B792C8803FA00086549 /* Resource */ = {
			isa = PBXGroup;
			children = (
				D276B5E72C8AAB3F00230FA2 /* Font */,
				D22E9B5C2C88031C00086549 /* Assets.xcassets */,
				D22E9B7D2C8804B600086549 /* Colors.xcassets */,
			);
			path = Resource;
			sourceTree = "<group>";
		};
		D22E9B7A2C88042500086549 /* Feature */ = {
			isa = PBXGroup;
			children = (
				87873BDD2CAC2E9700E368BF /* Test */,
				877CA0A02C94303200D23193 /* Splash */,
				877EA2372C88AA780073FFBD /* Onboarding */,
				877EA2332C88AA410073FFBD /* Home */,
				D25570E52C8E857300CCC226 /* MakeRoom */,
				D26BFA882C91984700C5CF86 /* EnterRoom */,
				D2A8F6152CA1165D00810BCF /* MatchRoom */,
				874017BC2CA3EEFD0096E847 /* MyPage */,
			);
			path = Feature;
			sourceTree = "<group>";
		};
		D234107C2CB1AFED0066A2F9 /* Error */ = {
			isa = PBXGroup;
			children = (
				D234107D2CB1AFF60066A2F9 /* EnterErrorType.swift */,
			);
			path = Error;
			sourceTree = "<group>";
		};
		D25570E52C8E857300CCC226 /* MakeRoom */ = {
			isa = PBXGroup;
			children = (
				D25570E72C8E857D00CCC226 /* ViewModel */,
				D25570E62C8E857900CCC226 /* View */,
			);
			path = MakeRoom;
			sourceTree = "<group>";
		};
		D25570E62C8E857900CCC226 /* View */ = {
			isa = PBXGroup;
			children = (
				D26BFA7E2C91691A00C5CF86 /* Component */,
				D25570E82C8E858A00CCC226 /* EditRoomInfoView.swift */,
				D2BC1A912C90101E00CB32B8 /* EditMissionView.swift */,
				D2BC1AA02C90A26B00CB32B8 /* CheckRoomInfoView.swift */,
				D2BC1AA42C91357F00CB32B8 /* SMInviteCodeAlertView.swift */,
			);
			path = View;
			sourceTree = "<group>";
		};
		D25570E72C8E857D00CCC226 /* ViewModel */ = {
			isa = PBXGroup;
			children = (
				D25570EC2C8E85CB00CCC226 /* EditRoomInfoViewModel.swift */,
				D2BC1A932C90102900CB32B8 /* EditMissionViewModel.swift */,
				D2BC1AA22C90A29100CB32B8 /* CheckRoomInfoViewModel.swift */,
			);
			path = ViewModel;
			sourceTree = "<group>";
		};
		D26879442CABB2150025A611 /* Room */ = {
			isa = PBXGroup;
			children = (
				871D87472CBD05C40050858A /* RoomStateFactory.swift */,
				D26879452CABB2F30025A611 /* EditRoomDTO.swift */,
				874017A32CA1AB610096E847 /* RoomDetailDTO.swift */,
				874017A72CA1AC010096E847 /* MissionDTO.swift */,
				D268794B2CABB5CA0025A611 /* CreateRoomDTO.swift */,
				D23410762CB1A8920066A2F9 /* EnterRoomDTO.swift */,
				D2E2068C2CB5317F001250AE /* RoomMyInfoDTO.swift */,
			);
			path = Room;
			sourceTree = "<group>";
		};
		D26BFA7E2C91691A00C5CF86 /* Component */ = {
			isa = PBXGroup;
			children = (
				D26BFA7F2C91692700C5CF86 /* SMInfoView.swift */,
			);
			path = Component;
			sourceTree = "<group>";
		};
		D26BFA882C91984700C5CF86 /* EnterRoom */ = {
			isa = PBXGroup;
			children = (
				D26BFA8A2C91986100C5CF86 /* ViewModel */,
				D26BFA892C91985C00C5CF86 /* View */,
			);
			path = EnterRoom;
			sourceTree = "<group>";
		};
		D26BFA892C91985C00C5CF86 /* View */ = {
			isa = PBXGroup;
			children = (
				D26BFA8B2C91987200C5CF86 /* EnterRoomView.swift */,
				D26BFA902C919D0000C5CF86 /* ManitoWaitingRoomView.swift */,
			);
			path = View;
			sourceTree = "<group>";
		};
		D26BFA8A2C91986100C5CF86 /* ViewModel */ = {
			isa = PBXGroup;
			children = (
				D26BFA8D2C91987900C5CF86 /* EnterRoomViewModel.swift */,
				D26BFA922C919D0900C5CF86 /* ManitoWaitingRoomViewModel.swift */,
			);
			path = ViewModel;
			sourceTree = "<group>";
		};
		D276B5E72C8AAB3F00230FA2 /* Font */ = {
			isa = PBXGroup;
			children = (
				877CA0742C8C4F4800D23193 /* Pretendard-Bold.otf */,
				877CA0762C8C4F5500D23193 /* Pretendard-Medium.otf */,
				877CA0782C8C4F5D00D23193 /* Pretendard-Regular.otf */,
				877CA07A2C8C4F6400D23193 /* Pretendard-SemiBold.otf */,
				D276B6072C8AB64B00230FA2 /* Font.swift */,
			);
			path = Font;
			sourceTree = "<group>";
		};
		D28568AA2CAD02C70044C231 /* Handler */ = {
			isa = PBXGroup;
			children = (
				D26879422CAB8DA30025A611 /* NetworkLogHandler.swift */,
				D28568AB2CAD031C0044C231 /* RequestHandler.swift */,
				D28568AD2CAD033C0044C231 /* ErrorHandler.swift */,
			);
			path = Handler;
			sourceTree = "<group>";
		};
		D2A8F60C2C9D18E700810BCF /* Room */ = {
			isa = PBXGroup;
			children = (
				D268793C2CAA7F8A0025A611 /* RoomAPI.swift */,
				879829062C98284B00A863EC /* RoomService.swift */,
			);
			path = Room;
			sourceTree = "<group>";
		};
		D2A8F6152CA1165D00810BCF /* MatchRoom */ = {
			isa = PBXGroup;
			children = (
				D2A8F6172CA1166D00810BCF /* ViewModel */,
				D2A8F6162CA1166800810BCF /* View */,
			);
			path = MatchRoom;
			sourceTree = "<group>";
		};
		D2A8F6162CA1166800810BCF /* View */ = {
			isa = PBXGroup;
			children = (
				D2A8F61E2CA1170B00810BCF /* MatchingResultView.swift */,
				D2A8F61C2CA116F800810BCF /* MatchingView.swift */,
				D2A8F6202CA1172100810BCF /* FinishView.swift */,
			);
			path = View;
			sourceTree = "<group>";
		};
		D2A8F6172CA1166D00810BCF /* ViewModel */ = {
			isa = PBXGroup;
			children = (
				D2A8F6182CA1168B00810BCF /* MatchingResultViewModel.swift */,
				D2A8F61A2CA116BD00810BCF /* MatchingViewModel.swift */,
				D2A8F6222CA1173600810BCF /* FinishViewModel.swift */,
			);
			path = ViewModel;
			sourceTree = "<group>";
		};
/* End PBXGroup section */

/* Begin PBXNativeTarget section */
		87873BCE2CAC211E00E368BF /* SantaManitoUnitTests */ = {
			isa = PBXNativeTarget;
			buildConfigurationList = 87873BD52CAC211E00E368BF /* Build configuration list for PBXNativeTarget "SantaManitoUnitTests" */;
			buildPhases = (
				87873BCB2CAC211E00E368BF /* Sources */,
				87873BCC2CAC211E00E368BF /* Frameworks */,
				87873BCD2CAC211E00E368BF /* Resources */,
			);
			buildRules = (
			);
			dependencies = (
				87873BD42CAC211E00E368BF /* PBXTargetDependency */,
			);
			name = SantaManitoUnitTests;
			productName = SantaManitoUnitTests;
			productReference = 87873BCF2CAC211E00E368BF /* SantaManitoUnitTests.xctest */;
			productType = "com.apple.product-type.bundle.unit-test";
		};
		D22E9B542C88031A00086549 /* SantaManito-iOS */ = {
			isa = PBXNativeTarget;
			buildConfigurationList = D22E9B632C88031C00086549 /* Build configuration list for PBXNativeTarget "SantaManito-iOS" */;
			buildPhases = (
				D22E9B512C88031A00086549 /* Sources */,
				D22E9B522C88031A00086549 /* Frameworks */,
				D22E9B532C88031A00086549 /* Resources */,
			);
			buildRules = (
			);
			dependencies = (
			);
			name = "SantaManito-iOS";
			packageProductDependencies = (
				874296202D7437D8001531AA /* AmplitudeSwift */,
				877D51FC2D743BCF00FE8317 /* FirebaseCore */,
				877D51FE2D743BCF00FE8317 /* FirebaseRemoteConfig */,
			);
			productName = "SantaManito-iOS";
			productReference = D22E9B552C88031A00086549 /* SantaManito-iOS.app */;
			productType = "com.apple.product-type.application";
		};
/* End PBXNativeTarget section */

/* Begin PBXProject section */
		D22E9B4D2C88031A00086549 /* Project object */ = {
			isa = PBXProject;
			attributes = {
				BuildIndependentTargetsInParallel = 1;
				LastSwiftUpdateCheck = 1500;
				LastUpgradeCheck = 1540;
				TargetAttributes = {
					87873BCE2CAC211E00E368BF = {
						CreatedOnToolsVersion = 15.0.1;
						TestTargetID = D22E9B542C88031A00086549;
					};
					D22E9B542C88031A00086549 = {
						CreatedOnToolsVersion = 15.4;
					};
				};
			};
			buildConfigurationList = D22E9B502C88031A00086549 /* Build configuration list for PBXProject "SantaManito-iOS" */;
			compatibilityVersion = "Xcode 14.0";
			developmentRegion = en;
			hasScannedForEncodings = 0;
			knownRegions = (
				en,
				Base,
			);
			mainGroup = D22E9B4C2C88031A00086549;
			packageReferences = (
				8742961F2D7437D8001531AA /* XCRemoteSwiftPackageReference "Amplitude-Swift" */,
				877D51FB2D743BCF00FE8317 /* XCRemoteSwiftPackageReference "firebase-ios-sdk" */,
			);
			productRefGroup = D22E9B562C88031A00086549 /* Products */;
			projectDirPath = "";
			projectRoot = "";
			targets = (
				D22E9B542C88031A00086549 /* SantaManito-iOS */,
				87873BCE2CAC211E00E368BF /* SantaManitoUnitTests */,
			);
		};
/* End PBXProject section */

/* Begin PBXResourcesBuildPhase section */
		87873BCD2CAC211E00E368BF /* Resources */ = {
			isa = PBXResourcesBuildPhase;
			buildActionMask = 2147483647;
			files = (
			);
			runOnlyForDeploymentPostprocessing = 0;
		};
		D22E9B532C88031A00086549 /* Resources */ = {
			isa = PBXResourcesBuildPhase;
			buildActionMask = 2147483647;
			files = (
				D22E9B7E2C8804B600086549 /* Colors.xcassets in Resources */,
				87873BC72CAC1EFA00E368BF /* GoogleService-Info.plist in Resources */,
				877CA0752C8C4F4800D23193 /* Pretendard-Bold.otf in Resources */,
				877CA07B2C8C4F6400D23193 /* Pretendard-SemiBold.otf in Resources */,
				877CA0772C8C4F5500D23193 /* Pretendard-Medium.otf in Resources */,
				877CA0792C8C4F5D00D23193 /* Pretendard-Regular.otf in Resources */,
				D22E9B602C88031C00086549 /* Preview Assets.xcassets in Resources */,
				D22E9B5D2C88031C00086549 /* Assets.xcassets in Resources */,
			);
			runOnlyForDeploymentPostprocessing = 0;
		};
/* End PBXResourcesBuildPhase section */

/* Begin PBXSourcesBuildPhase section */
		87873BCB2CAC211E00E368BF /* Sources */ = {
			isa = PBXSourcesBuildPhase;
			buildActionMask = 2147483647;
			files = (
				87873BD22CAC211E00E368BF /* FirebaseRemoteConfigTests.swift in Sources */,
				87873BE92CB00BFF00E368BF /* AppServiceTests.swift in Sources */,
				871D87412CBCF62F0050858A /* DateExtensionTests.swift in Sources */,
				87873BE72CAFF63800E368BF /* VersionEntityTests.swift in Sources */,
				871D87432CBCFE0E0050858A /* RoomDetailEntityTests.swift in Sources */,
				8742BCFE2CFB0C16009D258A /* FinishViewModelTests.swift in Sources */,
				871D873B2CB8E5440050858A /* RoomServiceServerTests.swift in Sources */,
				871D87462CBCFF7F0050858A /* RoomStateFactoryTests.swift in Sources */,
			);
			runOnlyForDeploymentPostprocessing = 0;
		};
		D22E9B512C88031A00086549 /* Sources */ = {
			isa = PBXSourcesBuildPhase;
			buildActionMask = 2147483647;
			files = (
				87873BF62CB2E30800E368BF /* AuthEntity.swift in Sources */,
				D25411A42CA4007A00B87568 /* ManitoWaitingRoomViewModel.swift in Sources */,
				D2BC1AA12C90A26B00CB32B8 /* CheckRoomInfoView.swift in Sources */,
				87873BE42CAFF2E200E368BF /* Version.swift in Sources */,
				D2BC1A9C2C90473100CB32B8 /* Mission.swift in Sources */,
				87C06E5D2C9EAB6800F03637 /* NaivgationRouter.swift in Sources */,
				D2BC1A8C2C8EBCF500CB32B8 /* SMColoredTextView.swift in Sources */,
				877CA0A42C94305200D23193 /* SplashViewModel.swift in Sources */,
				87873BED2CB0FA3700E368BF /* Publisher+.swift in Sources */,
				8779D8182CB8CDBD00B61DEA /* Member.swift in Sources */,
				874017AA2CA1B2FC0096E847 /* RoomDetail.swift in Sources */,
				D22E9B5B2C88031A00086549 /* HomeView.swift in Sources */,
				877CA0A62C94305A00D23193 /* CancelBag.swift in Sources */,
				874017B92CA2B0020096E847 /* User.swift in Sources */,
				D229FE842CA7D70C00979421 /* APIConstants.swift in Sources */,
				D229FE862CA7D98400979421 /* BaseService.swift in Sources */,
				877EA23B2C88AAC10073FFBD /* DIContainer.swift in Sources */,
				D22E9B6B2C8803C100086549 /* ObservableObjectSettable.swift in Sources */,
				87D797A42C9454BF003BA602 /* OnboardingViewModel.swift in Sources */,
				877CA0712C8AB3DE00D23193 /* LoadingView.swift in Sources */,
				87E5143C2CBFABF000FFF2E1 /* WindowDestination.swift in Sources */,
				D26BFA8C2C91987200C5CF86 /* EnterRoomView.swift in Sources */,
				877EA2392C88AA8A0073FFBD /* OnboardingView.swift in Sources */,
				D268793D2CAA7F8A0025A611 /* RoomAPI.swift in Sources */,
				D2BC1A902C8F4C6400CB32B8 /* Date+.swift in Sources */,
				874017C72CA6B4CD0096E847 /* View+.swift in Sources */,
				874017AC2CA1B3040096E847 /* RoomState.swift in Sources */,
				874017A62CA1ABBE0096E847 /* UserResponse.swift in Sources */,
				874017AE2CA29C690096E847 /* MyPageView.swift in Sources */,
				D22E9B732C8803E500086549 /* Service.swift in Sources */,
				877EA23F2C88AB930073FFBD /* AuthService.swift in Sources */,
				879829092C9EA54B00A863EC /* BaseView.swift in Sources */,
				D2BC1A922C90101E00CB32B8 /* EditMissionView.swift in Sources */,
				87873BF32CB2E2A100E368BF /* AuthResponse.swift in Sources */,
				D2A8F6212CA1172100810BCF /* FinishView.swift in Sources */,
				87873BF82CB2E71800E368BF /* UserDefaultsService.swift in Sources */,
				D22E9B592C88031A00086549 /* SantaManito_iOSApp.swift in Sources */,
				D26879382CAA7BE40025A611 /* NetworkResponse.swift in Sources */,
				D2A8F6192CA1168B00810BCF /* MatchingResultViewModel.swift in Sources */,
				D25570ED2C8E85CB00CCC226 /* EditRoomInfoViewModel.swift in Sources */,
				874017BB2CA2B64E0096E847 /* SMWebView.swift in Sources */,
				87873C022CB4FAE100E368BF /* AppStoreResponse.swift in Sources */,
				D2A8F6232CA1173600810BCF /* FinishViewModel.swift in Sources */,
				877EA2322C889DCB0073FFBD /* ButtonStyles.swift in Sources */,
				D28568B22CAD21800044C231 /* Config.swift in Sources */,
				87C06E5A2C9EA5FE00F03637 /* Device.swift in Sources */,
				D26879482CABB3A80025A611 /* GenericResponse.swift in Sources */,
				D26879432CAB8DA30025A611 /* NetworkLogHandler.swift in Sources */,
				871D87482CBD05C40050858A /* RoomStateFactory.swift in Sources */,
				874017B32CA29FEF0096E847 /* MyPageItem.swift in Sources */,
				D229FE802CA7D17600979421 /* ParameterEncoding.swift in Sources */,
				D23410772CB1A8920066A2F9 /* EnterRoomDTO.swift in Sources */,
				877CA07F2C8C50DC00D23193 /* Corner.swift in Sources */,
				877CA0732C8C4C5C00D23193 /* SMView.swift in Sources */,
				87C06E5F2C9EADD600F03637 /* NavigationRoutingView.swift in Sources */,
				D2BC1AA32C90A29200CB32B8 /* CheckRoomInfoViewModel.swift in Sources */,
				87873BE12CAFF29600E368BF /* AppService.swift in Sources */,
				D28568AE2CAD033C0044C231 /* ErrorHandler.swift in Sources */,
				D2267D1C2CC539E80049C8A8 /* MatchedUserResponse.swift in Sources */,
				87873BFE2CB2EE8900E368BF /* AuthAPI.swift in Sources */,
				877EA23D2C88AB8D0073FFBD /* UserService.swift in Sources */,
				874017CB2CA7E6970096E847 /* SMPasteBoard.swift in Sources */,
				874017B02CA29C820096E847 /* MyPageViewModel.swift in Sources */,
				877EA2412C88ABA00073FFBD /* PushNotificationService.swift in Sources */,
				D268793F2CAA80580025A611 /* BaseAPI.swift in Sources */,
				D25570E92C8E858A00CCC226 /* EditRoomInfoView.swift in Sources */,
				D26BFA802C91692700C5CF86 /* SMInfoView.swift in Sources */,
				87C06E612C9EADE700F03637 /* NavigationDestination.swift in Sources */,
				D26BFA8E2C91987900C5CF86 /* EnterRoomViewModel.swift in Sources */,
				874017CD2CA7EC7A0096E847 /* EditRoomViewType.swift in Sources */,
				874017A42CA1AB610096E847 /* RoomDetailDTO.swift in Sources */,
				871D873D2CB8F0560050858A /* MemberResponse.swift in Sources */,
				D276B6082C8AB64B00230FA2 /* Font.swift in Sources */,
				D2E2068D2CB5317F001250AE /* RoomMyInfoDTO.swift in Sources */,
				D268794C2CABB5CA0025A611 /* CreateRoomDTO.swift in Sources */,
				877CA0A22C94304B00D23193 /* SplashView.swift in Sources */,
				D229FE822CA7D39600979421 /* SMNetworkError.swift in Sources */,
				D229FE7E2CA7D0F700979421 /* URLRequestTargetType.swift in Sources */,
				87E514372CBF88A700FFF2E1 /* EditNicknameReqeust.swift in Sources */,
				D2A8F6122C9D1A4F00810BCF /* MakeRoomInfo.swift in Sources */,
				D2A8F61F2CA1170B00810BCF /* MatchingResultView.swift in Sources */,
				D2BC1AA52C91357F00CB32B8 /* SMInviteCodeAlertView.swift in Sources */,
				D26879462CABB2F30025A611 /* EditRoomDTO.swift in Sources */,
				D28568AC2CAD031C0044C231 /* RequestHandler.swift in Sources */,
				87E514392CBF930B00FFF2E1 /* WindowRouter.swift in Sources */,
				877CA0832C8CA75C00D23193 /* SMAlertView.swift in Sources */,
				87E514352CBF877000FFF2E1 /* UserAPI.swift in Sources */,
				877CA0812C8C555D00D23193 /* SMScrollView.swift in Sources */,
				87873BF12CB2DB6A00E368BF /* AuthRequest.swift in Sources */,
				874017B72CA2A9F30096E847 /* EditUsernameViewModel.swift in Sources */,
				879829072C98284B00A863EC /* RoomService.swift in Sources */,
				87873BDC2CAC29E900E368BF /* AppDelegate.swift in Sources */,
				D2A8F61B2CA116BD00810BCF /* MatchingViewModel.swift in Sources */,
				D2A8F61D2CA116F800810BCF /* MatchingView.swift in Sources */,
				879829052C9827B200A863EC /* HomeViewModel.swift in Sources */,
				D26BFA912C919D0000C5CF86 /* ManitoWaitingRoomView.swift in Sources */,
				877CA0892C8CB61100D23193 /* DSKitDemoView.swift in Sources */,
				874017A82CA1AC010096E847 /* MissionDTO.swift in Sources */,
				87873BFB2CB2EB6100E368BF /* UserDefault.swift in Sources */,
				D26879412CAA83500025A611 /* Paths.swift in Sources */,
				D229FE782CA7CEA200979421 /* HTTPMethod.swift in Sources */,
				D2BC1A982C90245700CB32B8 /* TextFieldStyles.swift in Sources */,
				87873BDF2CAC2EA200E368BF /* TestView.swift in Sources */,
				87873BC52CAC1C0300E368BF /* RemoteConfigService.swift in Sources */,
				874017B52CA2A68A0096E847 /* EditUsernameView.swift in Sources */,
				D234107E2CB1AFF60066A2F9 /* EnterErrorType.swift in Sources */,
				D2BC1A942C90102900CB32B8 /* EditMissionViewModel.swift in Sources */,
			);
			runOnlyForDeploymentPostprocessing = 0;
		};
/* End PBXSourcesBuildPhase section */

/* Begin PBXTargetDependency section */
		87873BD42CAC211E00E368BF /* PBXTargetDependency */ = {
			isa = PBXTargetDependency;
			target = D22E9B542C88031A00086549 /* SantaManito-iOS */;
			targetProxy = 87873BD32CAC211E00E368BF /* PBXContainerItemProxy */;
		};
/* End PBXTargetDependency section */

/* Begin XCBuildConfiguration section */
		87873BD62CAC211E00E368BF /* Debug */ = {
			isa = XCBuildConfiguration;
			baseConfigurationReference = 878C7B612CB6D5BE007756A3 /* Config.xcconfig */;
			buildSettings = {
				BUNDLE_LOADER = "$(TEST_HOST)";
				CODE_SIGN_STYLE = Automatic;
				CURRENT_PROJECT_VERSION = 1;
				DEVELOPMENT_TEAM = T6DNHAHXG9;
				GENERATE_INFOPLIST_FILE = YES;
				IPHONEOS_DEPLOYMENT_TARGET = 16.0;
				MARKETING_VERSION = 1.0;
				PRODUCT_BUNDLE_IDENTIFIER = org.sopt.SantaManitoUnitTests;
				PRODUCT_NAME = "$(TARGET_NAME)";
				SUPPORTED_PLATFORMS = "iphoneos iphonesimulator";
				SUPPORTS_MACCATALYST = NO;
				SUPPORTS_MAC_DESIGNED_FOR_IPHONE_IPAD = NO;
				SWIFT_EMIT_LOC_STRINGS = NO;
				SWIFT_VERSION = 5.0;
				TARGETED_DEVICE_FAMILY = 1;
				TEST_HOST = "$(BUILT_PRODUCTS_DIR)/SantaManito-iOS.app/$(BUNDLE_EXECUTABLE_FOLDER_PATH)/SantaManito-iOS";
			};
			name = Debug;
		};
		87873BD72CAC211E00E368BF /* Release */ = {
			isa = XCBuildConfiguration;
			baseConfigurationReference = 878C7B612CB6D5BE007756A3 /* Config.xcconfig */;
			buildSettings = {
				BUNDLE_LOADER = "$(TEST_HOST)";
				CODE_SIGN_STYLE = Automatic;
				CURRENT_PROJECT_VERSION = 1;
				DEVELOPMENT_TEAM = T6DNHAHXG9;
				GENERATE_INFOPLIST_FILE = YES;
				IPHONEOS_DEPLOYMENT_TARGET = 16.0;
				MARKETING_VERSION = 1.0;
				PRODUCT_BUNDLE_IDENTIFIER = org.sopt.SantaManitoUnitTests;
				PRODUCT_NAME = "$(TARGET_NAME)";
				SUPPORTED_PLATFORMS = "iphoneos iphonesimulator";
				SUPPORTS_MACCATALYST = NO;
				SUPPORTS_MAC_DESIGNED_FOR_IPHONE_IPAD = NO;
				SWIFT_EMIT_LOC_STRINGS = NO;
				SWIFT_VERSION = 5.0;
				TARGETED_DEVICE_FAMILY = 1;
				TEST_HOST = "$(BUILT_PRODUCTS_DIR)/SantaManito-iOS.app/$(BUNDLE_EXECUTABLE_FOLDER_PATH)/SantaManito-iOS";
			};
			name = Release;
		};
		D22E9B612C88031C00086549 /* Debug */ = {
			isa = XCBuildConfiguration;
			buildSettings = {
				ALWAYS_SEARCH_USER_PATHS = NO;
				ASSETCATALOG_COMPILER_GENERATE_SWIFT_ASSET_SYMBOL_EXTENSIONS = YES;
				CLANG_ANALYZER_NONNULL = YES;
				CLANG_ANALYZER_NUMBER_OBJECT_CONVERSION = YES_AGGRESSIVE;
				CLANG_CXX_LANGUAGE_STANDARD = "gnu++20";
				CLANG_ENABLE_MODULES = YES;
				CLANG_ENABLE_OBJC_ARC = YES;
				CLANG_ENABLE_OBJC_WEAK = YES;
				CLANG_WARN_BLOCK_CAPTURE_AUTORELEASING = YES;
				CLANG_WARN_BOOL_CONVERSION = YES;
				CLANG_WARN_COMMA = YES;
				CLANG_WARN_CONSTANT_CONVERSION = YES;
				CLANG_WARN_DEPRECATED_OBJC_IMPLEMENTATIONS = YES;
				CLANG_WARN_DIRECT_OBJC_ISA_USAGE = YES_ERROR;
				CLANG_WARN_DOCUMENTATION_COMMENTS = YES;
				CLANG_WARN_EMPTY_BODY = YES;
				CLANG_WARN_ENUM_CONVERSION = YES;
				CLANG_WARN_INFINITE_RECURSION = YES;
				CLANG_WARN_INT_CONVERSION = YES;
				CLANG_WARN_NON_LITERAL_NULL_CONVERSION = YES;
				CLANG_WARN_OBJC_IMPLICIT_RETAIN_SELF = YES;
				CLANG_WARN_OBJC_LITERAL_CONVERSION = YES;
				CLANG_WARN_OBJC_ROOT_CLASS = YES_ERROR;
				CLANG_WARN_QUOTED_INCLUDE_IN_FRAMEWORK_HEADER = YES;
				CLANG_WARN_RANGE_LOOP_ANALYSIS = YES;
				CLANG_WARN_STRICT_PROTOTYPES = YES;
				CLANG_WARN_SUSPICIOUS_MOVE = YES;
				CLANG_WARN_UNGUARDED_AVAILABILITY = YES_AGGRESSIVE;
				CLANG_WARN_UNREACHABLE_CODE = YES;
				CLANG_WARN__DUPLICATE_METHOD_MATCH = YES;
				COPY_PHASE_STRIP = NO;
				DEBUG_INFORMATION_FORMAT = dwarf;
				ENABLE_STRICT_OBJC_MSGSEND = YES;
				ENABLE_TESTABILITY = YES;
				ENABLE_USER_SCRIPT_SANDBOXING = YES;
				GCC_C_LANGUAGE_STANDARD = gnu17;
				GCC_DYNAMIC_NO_PIC = NO;
				GCC_NO_COMMON_BLOCKS = YES;
				GCC_OPTIMIZATION_LEVEL = 0;
				GCC_PREPROCESSOR_DEFINITIONS = (
					"DEBUG=1",
					"$(inherited)",
				);
				GCC_WARN_64_TO_32_BIT_CONVERSION = YES;
				GCC_WARN_ABOUT_RETURN_TYPE = YES_ERROR;
				GCC_WARN_UNDECLARED_SELECTOR = YES;
				GCC_WARN_UNINITIALIZED_AUTOS = YES_AGGRESSIVE;
				GCC_WARN_UNUSED_FUNCTION = YES;
				GCC_WARN_UNUSED_VARIABLE = YES;
				LOCALIZATION_PREFERS_STRING_CATALOGS = YES;
				MTL_ENABLE_DEBUG_INFO = INCLUDE_SOURCE;
				MTL_FAST_MATH = YES;
				ONLY_ACTIVE_ARCH = YES;
				SDKROOT = iphoneos;
				SWIFT_ACTIVE_COMPILATION_CONDITIONS = "DEBUG $(inherited)";
				SWIFT_OPTIMIZATION_LEVEL = "-Onone";
			};
			name = Debug;
		};
		D22E9B622C88031C00086549 /* Release */ = {
			isa = XCBuildConfiguration;
			buildSettings = {
				ALWAYS_SEARCH_USER_PATHS = NO;
				ASSETCATALOG_COMPILER_GENERATE_SWIFT_ASSET_SYMBOL_EXTENSIONS = YES;
				CLANG_ANALYZER_NONNULL = YES;
				CLANG_ANALYZER_NUMBER_OBJECT_CONVERSION = YES_AGGRESSIVE;
				CLANG_CXX_LANGUAGE_STANDARD = "gnu++20";
				CLANG_ENABLE_MODULES = YES;
				CLANG_ENABLE_OBJC_ARC = YES;
				CLANG_ENABLE_OBJC_WEAK = YES;
				CLANG_WARN_BLOCK_CAPTURE_AUTORELEASING = YES;
				CLANG_WARN_BOOL_CONVERSION = YES;
				CLANG_WARN_COMMA = YES;
				CLANG_WARN_CONSTANT_CONVERSION = YES;
				CLANG_WARN_DEPRECATED_OBJC_IMPLEMENTATIONS = YES;
				CLANG_WARN_DIRECT_OBJC_ISA_USAGE = YES_ERROR;
				CLANG_WARN_DOCUMENTATION_COMMENTS = YES;
				CLANG_WARN_EMPTY_BODY = YES;
				CLANG_WARN_ENUM_CONVERSION = YES;
				CLANG_WARN_INFINITE_RECURSION = YES;
				CLANG_WARN_INT_CONVERSION = YES;
				CLANG_WARN_NON_LITERAL_NULL_CONVERSION = YES;
				CLANG_WARN_OBJC_IMPLICIT_RETAIN_SELF = YES;
				CLANG_WARN_OBJC_LITERAL_CONVERSION = YES;
				CLANG_WARN_OBJC_ROOT_CLASS = YES_ERROR;
				CLANG_WARN_QUOTED_INCLUDE_IN_FRAMEWORK_HEADER = YES;
				CLANG_WARN_RANGE_LOOP_ANALYSIS = YES;
				CLANG_WARN_STRICT_PROTOTYPES = YES;
				CLANG_WARN_SUSPICIOUS_MOVE = YES;
				CLANG_WARN_UNGUARDED_AVAILABILITY = YES_AGGRESSIVE;
				CLANG_WARN_UNREACHABLE_CODE = YES;
				CLANG_WARN__DUPLICATE_METHOD_MATCH = YES;
				COPY_PHASE_STRIP = NO;
				DEBUG_INFORMATION_FORMAT = "dwarf-with-dsym";
				ENABLE_NS_ASSERTIONS = NO;
				ENABLE_STRICT_OBJC_MSGSEND = YES;
				ENABLE_USER_SCRIPT_SANDBOXING = YES;
				GCC_C_LANGUAGE_STANDARD = gnu17;
				GCC_NO_COMMON_BLOCKS = YES;
				GCC_WARN_64_TO_32_BIT_CONVERSION = YES;
				GCC_WARN_ABOUT_RETURN_TYPE = YES_ERROR;
				GCC_WARN_UNDECLARED_SELECTOR = YES;
				GCC_WARN_UNINITIALIZED_AUTOS = YES_AGGRESSIVE;
				GCC_WARN_UNUSED_FUNCTION = YES;
				GCC_WARN_UNUSED_VARIABLE = YES;
				LOCALIZATION_PREFERS_STRING_CATALOGS = YES;
				MTL_ENABLE_DEBUG_INFO = NO;
				MTL_FAST_MATH = YES;
				SDKROOT = iphoneos;
				SWIFT_COMPILATION_MODE = wholemodule;
				VALIDATE_PRODUCT = YES;
			};
			name = Release;
		};
		D22E9B642C88031C00086549 /* Debug */ = {
			isa = XCBuildConfiguration;
			baseConfigurationReference = 878C7B612CB6D5BE007756A3 /* Config.xcconfig */;
			buildSettings = {
				ASSETCATALOG_COMPILER_APPICON_NAME = AppIcon;
				ASSETCATALOG_COMPILER_GLOBAL_ACCENT_COLOR_NAME = AccentColor;
				CODE_SIGN_STYLE = Automatic;
				CURRENT_PROJECT_VERSION = 1;
				DEVELOPMENT_ASSET_PATHS = "\"SantaManito-iOS/Preview Content\"";
				DEVELOPMENT_TEAM = T6DNHAHXG9;
				ENABLE_PREVIEWS = YES;
				GENERATE_INFOPLIST_FILE = YES;
				INFOPLIST_FILE = "SantaManito-iOS/Info.plist";
				INFOPLIST_KEY_CFBundleDisplayName = "산타마니또";
				INFOPLIST_KEY_UIApplicationSceneManifest_Generation = YES;
				INFOPLIST_KEY_UIApplicationSupportsIndirectInputEvents = YES;
				INFOPLIST_KEY_UILaunchScreen_Generation = YES;
				INFOPLIST_KEY_UISupportedInterfaceOrientations = UIInterfaceOrientationPortrait;
				INFOPLIST_KEY_UISupportedInterfaceOrientations_iPad = "UIInterfaceOrientationLandscapeLeft UIInterfaceOrientationLandscapeRight UIInterfaceOrientationPortrait UIInterfaceOrientationPortraitUpsideDown";
				IPHONEOS_DEPLOYMENT_TARGET = 16.0;
				LD_RUNPATH_SEARCH_PATHS = (
					"$(inherited)",
					"@executable_path/Frameworks",
				);
				MARKETING_VERSION = 2.0.0;
				PRODUCT_BUNDLE_IDENTIFIER = org.sopt.santamanitto;
				PRODUCT_NAME = "$(TARGET_NAME)";
				SUPPORTED_PLATFORMS = "iphoneos iphonesimulator";
				SUPPORTS_MACCATALYST = NO;
				SUPPORTS_MAC_DESIGNED_FOR_IPHONE_IPAD = NO;
				SUPPORTS_XR_DESIGNED_FOR_IPHONE_IPAD = NO;
				SWIFT_EMIT_LOC_STRINGS = YES;
				SWIFT_VERSION = 5.0;
				TARGETED_DEVICE_FAMILY = 1;
			};
			name = Debug;
		};
		D22E9B652C88031C00086549 /* Release */ = {
			isa = XCBuildConfiguration;
			baseConfigurationReference = 878C7B612CB6D5BE007756A3 /* Config.xcconfig */;
			buildSettings = {
				ASSETCATALOG_COMPILER_APPICON_NAME = AppIcon;
				ASSETCATALOG_COMPILER_GLOBAL_ACCENT_COLOR_NAME = AccentColor;
				CODE_SIGN_STYLE = Automatic;
				CURRENT_PROJECT_VERSION = 1;
				DEVELOPMENT_ASSET_PATHS = "\"SantaManito-iOS/Preview Content\"";
				DEVELOPMENT_TEAM = T6DNHAHXG9;
				ENABLE_PREVIEWS = YES;
				GENERATE_INFOPLIST_FILE = YES;
				INFOPLIST_FILE = "SantaManito-iOS/Info.plist";
				INFOPLIST_KEY_CFBundleDisplayName = "산타마니또";
				INFOPLIST_KEY_UIApplicationSceneManifest_Generation = YES;
				INFOPLIST_KEY_UIApplicationSupportsIndirectInputEvents = YES;
				INFOPLIST_KEY_UILaunchScreen_Generation = YES;
				INFOPLIST_KEY_UISupportedInterfaceOrientations = UIInterfaceOrientationPortrait;
				INFOPLIST_KEY_UISupportedInterfaceOrientations_iPad = "UIInterfaceOrientationLandscapeLeft UIInterfaceOrientationLandscapeRight UIInterfaceOrientationPortrait UIInterfaceOrientationPortraitUpsideDown";
				IPHONEOS_DEPLOYMENT_TARGET = 16.0;
				LD_RUNPATH_SEARCH_PATHS = (
					"$(inherited)",
					"@executable_path/Frameworks",
				);
				MARKETING_VERSION = 2.0.0;
				PRODUCT_BUNDLE_IDENTIFIER = org.sopt.santamanitto;
				PRODUCT_NAME = "$(TARGET_NAME)";
				SUPPORTED_PLATFORMS = "iphoneos iphonesimulator";
				SUPPORTS_MACCATALYST = NO;
				SUPPORTS_MAC_DESIGNED_FOR_IPHONE_IPAD = NO;
				SUPPORTS_XR_DESIGNED_FOR_IPHONE_IPAD = NO;
				SWIFT_EMIT_LOC_STRINGS = YES;
				SWIFT_VERSION = 5.0;
				TARGETED_DEVICE_FAMILY = 1;
			};
			name = Release;
		};
/* End XCBuildConfiguration section */

/* Begin XCConfigurationList section */
		87873BD52CAC211E00E368BF /* Build configuration list for PBXNativeTarget "SantaManitoUnitTests" */ = {
			isa = XCConfigurationList;
			buildConfigurations = (
				87873BD62CAC211E00E368BF /* Debug */,
				87873BD72CAC211E00E368BF /* Release */,
			);
			defaultConfigurationIsVisible = 0;
			defaultConfigurationName = Release;
		};
		D22E9B502C88031A00086549 /* Build configuration list for PBXProject "SantaManito-iOS" */ = {
			isa = XCConfigurationList;
			buildConfigurations = (
				D22E9B612C88031C00086549 /* Debug */,
				D22E9B622C88031C00086549 /* Release */,
			);
			defaultConfigurationIsVisible = 0;
			defaultConfigurationName = Release;
		};
		D22E9B632C88031C00086549 /* Build configuration list for PBXNativeTarget "SantaManito-iOS" */ = {
			isa = XCConfigurationList;
			buildConfigurations = (
				D22E9B642C88031C00086549 /* Debug */,
				D22E9B652C88031C00086549 /* Release */,
			);
			defaultConfigurationIsVisible = 0;
			defaultConfigurationName = Release;
		};
/* End XCConfigurationList section */

/* Begin XCRemoteSwiftPackageReference section */
		8742961F2D7437D8001531AA /* XCRemoteSwiftPackageReference "Amplitude-Swift" */ = {
			isa = XCRemoteSwiftPackageReference;
			repositoryURL = "https://github.com/amplitude/Amplitude-Swift.git";
			requirement = {
				kind = upToNextMajorVersion;
				minimumVersion = 1.0.0;
			};
		};
		877D51FB2D743BCF00FE8317 /* XCRemoteSwiftPackageReference "firebase-ios-sdk" */ = {
			isa = XCRemoteSwiftPackageReference;
			repositoryURL = "https://www.github.com/firebase/firebase-ios-sdk.git";
			requirement = {
				kind = upToNextMajorVersion;
				minimumVersion = 11.9.0;
			};
		};
/* End XCRemoteSwiftPackageReference section */

/* Begin XCSwiftPackageProductDependency section */
		874296202D7437D8001531AA /* AmplitudeSwift */ = {
			isa = XCSwiftPackageProductDependency;
			package = 8742961F2D7437D8001531AA /* XCRemoteSwiftPackageReference "Amplitude-Swift" */;
			productName = AmplitudeSwift;
		};
		877D51FC2D743BCF00FE8317 /* FirebaseCore */ = {
			isa = XCSwiftPackageProductDependency;
			package = 877D51FB2D743BCF00FE8317 /* XCRemoteSwiftPackageReference "firebase-ios-sdk" */;
			productName = FirebaseCore;
		};
		877D51FE2D743BCF00FE8317 /* FirebaseRemoteConfig */ = {
			isa = XCSwiftPackageProductDependency;
			package = 877D51FB2D743BCF00FE8317 /* XCRemoteSwiftPackageReference "firebase-ios-sdk" */;
			productName = FirebaseRemoteConfig;
		};
/* End XCSwiftPackageProductDependency section */
	};
	rootObject = D22E9B4D2C88031A00086549 /* Project object */;
}
